// !$*UTF8*$!
{
	archiveVersion = 1;
	classes = {
	};
	objectVersion = 56;
	objects = {

/* Begin PBXBuildFile section */
		984389092AB1B02F0059D3C8 /* Nunito-Light.ttf in Resources */ = {isa = PBXBuildFile; fileRef = 984388F92AB1B02E0059D3C8 /* Nunito-Light.ttf */; };
		9843890A2AB1B02F0059D3C8 /* Nunito-BlackItalic.ttf in Resources */ = {isa = PBXBuildFile; fileRef = 984388FA2AB1B02E0059D3C8 /* Nunito-BlackItalic.ttf */; };
		9843890B2AB1B02F0059D3C8 /* Nunito-MediumItalic.ttf in Resources */ = {isa = PBXBuildFile; fileRef = 984388FB2AB1B02E0059D3C8 /* Nunito-MediumItalic.ttf */; };
		9843890C2AB1B02F0059D3C8 /* Nunito-ExtraBoldItalic.ttf in Resources */ = {isa = PBXBuildFile; fileRef = 984388FC2AB1B02E0059D3C8 /* Nunito-ExtraBoldItalic.ttf */; };
		9843890D2AB1B02F0059D3C8 /* Nunito-Bold.ttf in Resources */ = {isa = PBXBuildFile; fileRef = 984388FD2AB1B02E0059D3C8 /* Nunito-Bold.ttf */; };
		9843890E2AB1B02F0059D3C8 /* Nunito-Medium.ttf in Resources */ = {isa = PBXBuildFile; fileRef = 984388FE2AB1B02E0059D3C8 /* Nunito-Medium.ttf */; };
		9843890F2AB1B02F0059D3C8 /* Nunito-ExtraLight.ttf in Resources */ = {isa = PBXBuildFile; fileRef = 984388FF2AB1B02E0059D3C8 /* Nunito-ExtraLight.ttf */; };
		984389102AB1B02F0059D3C8 /* Nunito-ExtraBold.ttf in Resources */ = {isa = PBXBuildFile; fileRef = 984389002AB1B02E0059D3C8 /* Nunito-ExtraBold.ttf */; };
		984389112AB1B02F0059D3C8 /* Nunito-Black.ttf in Resources */ = {isa = PBXBuildFile; fileRef = 984389012AB1B02E0059D3C8 /* Nunito-Black.ttf */; };
		984389122AB1B02F0059D3C8 /* Nunito-SemiBoldItalic.ttf in Resources */ = {isa = PBXBuildFile; fileRef = 984389022AB1B02E0059D3C8 /* Nunito-SemiBoldItalic.ttf */; };
		984389132AB1B02F0059D3C8 /* Nunito-ExtraLightItalic.ttf in Resources */ = {isa = PBXBuildFile; fileRef = 984389032AB1B02E0059D3C8 /* Nunito-ExtraLightItalic.ttf */; };
		984389142AB1B02F0059D3C8 /* Nunito-LightItalic.ttf in Resources */ = {isa = PBXBuildFile; fileRef = 984389042AB1B02F0059D3C8 /* Nunito-LightItalic.ttf */; };
		984389152AB1B02F0059D3C8 /* Nunito-Italic.ttf in Resources */ = {isa = PBXBuildFile; fileRef = 984389052AB1B02F0059D3C8 /* Nunito-Italic.ttf */; };
		984389162AB1B02F0059D3C8 /* Nunito-Regular.ttf in Resources */ = {isa = PBXBuildFile; fileRef = 984389062AB1B02F0059D3C8 /* Nunito-Regular.ttf */; };
		984389172AB1B02F0059D3C8 /* Nunito-BoldItalic.ttf in Resources */ = {isa = PBXBuildFile; fileRef = 984389072AB1B02F0059D3C8 /* Nunito-BoldItalic.ttf */; };
		984389182AB1B02F0059D3C8 /* Nunito-SemiBold.ttf in Resources */ = {isa = PBXBuildFile; fileRef = 984389082AB1B02F0059D3C8 /* Nunito-SemiBold.ttf */; };
		984389262AB5869D0059D3C8 /* ArtistColumn.swift in Sources */ = {isa = PBXBuildFile; fileRef = 984389252AB5869D0059D3C8 /* ArtistColumn.swift */; };
		984389282AB586AA0059D3C8 /* CategoryRow.swift in Sources */ = {isa = PBXBuildFile; fileRef = 984389272AB586AA0059D3C8 /* CategoryRow.swift */; };
		9843892D2AB586CC0059D3C8 /* SongColumn.swift in Sources */ = {isa = PBXBuildFile; fileRef = 9843892C2AB586CC0059D3C8 /* SongColumn.swift */; };
		9843892F2AB586E60059D3C8 /* ModelData.swift in Sources */ = {isa = PBXBuildFile; fileRef = 9843892E2AB586E60059D3C8 /* ModelData.swift */; };
		984389312AB586F00059D3C8 /* PhotoPicker.swift in Sources */ = {isa = PBXBuildFile; fileRef = 984389302AB586F00059D3C8 /* PhotoPicker.swift */; };
		984389332AB587010059D3C8 /* AccountEditView.swift in Sources */ = {isa = PBXBuildFile; fileRef = 984389322AB587010059D3C8 /* AccountEditView.swift */; };
		984389352AB5870B0059D3C8 /* AccountView.swift in Sources */ = {isa = PBXBuildFile; fileRef = 984389342AB5870B0059D3C8 /* AccountView.swift */; };
		984389372AB587190059D3C8 /* LibraryView.swift in Sources */ = {isa = PBXBuildFile; fileRef = 984389362AB587190059D3C8 /* LibraryView.swift */; };
		984389392AB587230059D3C8 /* SeachView.swift in Sources */ = {isa = PBXBuildFile; fileRef = 984389382AB587230059D3C8 /* SeachView.swift */; };
		9843893B2AB587460059D3C8 /* Artist.swift in Sources */ = {isa = PBXBuildFile; fileRef = 9843893A2AB587460059D3C8 /* Artist.swift */; };
		9843893D2AB5874B0059D3C8 /* Song.swift in Sources */ = {isa = PBXBuildFile; fileRef = 9843893C2AB5874B0059D3C8 /* Song.swift */; };
		9843893F2AB587580059D3C8 /* Category.swift in Sources */ = {isa = PBXBuildFile; fileRef = 9843893E2AB587580059D3C8 /* Category.swift */; };
		984389442AB587AE0059D3C8 /* categories.json in Resources */ = {isa = PBXBuildFile; fileRef = 984389412AB587AE0059D3C8 /* categories.json */; };
		984389452AB587AE0059D3C8 /* songs.json in Resources */ = {isa = PBXBuildFile; fileRef = 984389422AB587AE0059D3C8 /* songs.json */; };
		984389462AB587AE0059D3C8 /* artists.json in Resources */ = {isa = PBXBuildFile; fileRef = 984389432AB587AE0059D3C8 /* artists.json */; };
		984389492AB71B000059D3C8 /* ArtistCard.swift in Sources */ = {isa = PBXBuildFile; fileRef = 984389482AB71B000059D3C8 /* ArtistCard.swift */; };
		9843894B2AB71B110059D3C8 /* CategoryCard.swift in Sources */ = {isa = PBXBuildFile; fileRef = 9843894A2AB71B110059D3C8 /* CategoryCard.swift */; };
		98B9761B2AB04F8B00515EA4 /* Modifiers.swift in Sources */ = {isa = PBXBuildFile; fileRef = 98B9761A2AB04F8B00515EA4 /* Modifiers.swift */; };
		98B9761D2AB04F9900515EA4 /* PlaySound.swift in Sources */ = {isa = PBXBuildFile; fileRef = 98B9761C2AB04F9900515EA4 /* PlaySound.swift */; };
		98B9761F2AB04FA400515EA4 /* Utilities.swift in Sources */ = {isa = PBXBuildFile; fileRef = 98B9761E2AB04FA400515EA4 /* Utilities.swift */; };
		98B976232AB04FC500515EA4 /* SongRow.swift in Sources */ = {isa = PBXBuildFile; fileRef = 98B976222AB04FC500515EA4 /* SongRow.swift */; };
		98B976252AB04FCC00515EA4 /* SongCard.swift in Sources */ = {isa = PBXBuildFile; fileRef = 98B976242AB04FCC00515EA4 /* SongCard.swift */; };
		98B976272AB04FD800515EA4 /* HomeView.swift in Sources */ = {isa = PBXBuildFile; fileRef = 98B976262AB04FD800515EA4 /* HomeView.swift */; };
		98B976292AB04FEE00515EA4 /* SplashView.swift in Sources */ = {isa = PBXBuildFile; fileRef = 98B976282AB04FEE00515EA4 /* SplashView.swift */; };
		98B9762C2AB0501700515EA4 /* Icon.swift in Sources */ = {isa = PBXBuildFile; fileRef = 98B9762B2AB0501700515EA4 /* Icon.swift */; };
		98B976362AB0555900515EA4 /* LogInView.swift in Sources */ = {isa = PBXBuildFile; fileRef = 98B976352AB0555900515EA4 /* LogInView.swift */; };
		98B976382AB0556000515EA4 /* SignUpView.swift in Sources */ = {isa = PBXBuildFile; fileRef = 98B976372AB0556000515EA4 /* SignUpView.swift */; };
		98D447862AB73B9D00C6BF77 /* EditPlaylist.swift in Sources */ = {isa = PBXBuildFile; fileRef = 98D447852AB73B9D00C6BF77 /* EditPlaylist.swift */; };
		98D4478A2AB73BF400C6BF77 /* AddSongView.swift in Sources */ = {isa = PBXBuildFile; fileRef = 98D447892AB73BF400C6BF77 /* AddSongView.swift */; };
		98D4478C2AB73BFF00C6BF77 /* AddSongRow.swift in Sources */ = {isa = PBXBuildFile; fileRef = 98D4478B2AB73BFF00C6BF77 /* AddSongRow.swift */; };
		EA3B46E12AB04A5500BDF587 /* TunexaApp.swift in Sources */ = {isa = PBXBuildFile; fileRef = EA3B46E02AB04A5500BDF587 /* TunexaApp.swift */; };
		EA3B46E32AB04A5500BDF587 /* ContentView.swift in Sources */ = {isa = PBXBuildFile; fileRef = EA3B46E22AB04A5500BDF587 /* ContentView.swift */; };
		EA3B46E52AB04A5700BDF587 /* Assets.xcassets in Resources */ = {isa = PBXBuildFile; fileRef = EA3B46E42AB04A5700BDF587 /* Assets.xcassets */; };
		EA3B46E92AB04A5700BDF587 /* Preview Assets.xcassets in Resources */ = {isa = PBXBuildFile; fileRef = EA3B46E82AB04A5700BDF587 /* Preview Assets.xcassets */; };
		EA3B46F32AB04A5700BDF587 /* TunexaTests.swift in Sources */ = {isa = PBXBuildFile; fileRef = EA3B46F22AB04A5700BDF587 /* TunexaTests.swift */; };
		EA3B46FD2AB04A5700BDF587 /* TunexaUITests.swift in Sources */ = {isa = PBXBuildFile; fileRef = EA3B46FC2AB04A5700BDF587 /* TunexaUITests.swift */; };
		EA3B46FF2AB04A5700BDF587 /* TunexaUITestsLaunchTests.swift in Sources */ = {isa = PBXBuildFile; fileRef = EA3B46FE2AB04A5700BDF587 /* TunexaUITestsLaunchTests.swift */; };
		EA3B47142AB716CD00BDF587 /* Rating.swift in Sources */ = {isa = PBXBuildFile; fileRef = EA3B47132AB716CD00BDF587 /* Rating.swift */; };
		F3E8C7642AB1BFF100B99415 /* GoogleService-Info.plist in Resources */ = {isa = PBXBuildFile; fileRef = F3E8C7632AB1BFF100B99415 /* GoogleService-Info.plist */; };
		F3E8C7672AB1C1F400B99415 /* FirebaseAuth in Frameworks */ = {isa = PBXBuildFile; productRef = F3E8C7662AB1C1F400B99415 /* FirebaseAuth */; };
		F3E8C7692AB1C1F400B99415 /* FirebaseFirestore in Frameworks */ = {isa = PBXBuildFile; productRef = F3E8C7682AB1C1F400B99415 /* FirebaseFirestore */; };
		F3E8C76B2AB1C1F400B99415 /* FirebaseFirestoreCombine-Community in Frameworks */ = {isa = PBXBuildFile; productRef = F3E8C76A2AB1C1F400B99415 /* FirebaseFirestoreCombine-Community */; };
		F3E8C76D2AB1C1F400B99415 /* FirebaseFirestoreSwift in Frameworks */ = {isa = PBXBuildFile; productRef = F3E8C76C2AB1C1F400B99415 /* FirebaseFirestoreSwift */; };
		F3E8C76F2AB1C1F400B99415 /* FirebaseStorage in Frameworks */ = {isa = PBXBuildFile; productRef = F3E8C76E2AB1C1F400B99415 /* FirebaseStorage */; };
		F3E8C7712AB1C1F400B99415 /* FirebaseStorageCombine-Community in Frameworks */ = {isa = PBXBuildFile; productRef = F3E8C7702AB1C1F400B99415 /* FirebaseStorageCombine-Community */; };
/* End PBXBuildFile section */

/* Begin PBXContainerItemProxy section */
		EA3B46EF2AB04A5700BDF587 /* PBXContainerItemProxy */ = {
			isa = PBXContainerItemProxy;
			containerPortal = EA3B46D52AB04A5500BDF587 /* Project object */;
			proxyType = 1;
			remoteGlobalIDString = EA3B46DC2AB04A5500BDF587;
			remoteInfo = Tunexa;
		};
		EA3B46F92AB04A5700BDF587 /* PBXContainerItemProxy */ = {
			isa = PBXContainerItemProxy;
			containerPortal = EA3B46D52AB04A5500BDF587 /* Project object */;
			proxyType = 1;
			remoteGlobalIDString = EA3B46DC2AB04A5500BDF587;
			remoteInfo = Tunexa;
		};
/* End PBXContainerItemProxy section */

/* Begin PBXFileReference section */
		984388F92AB1B02E0059D3C8 /* Nunito-Light.ttf */ = {isa = PBXFileReference; lastKnownFileType = file; path = "Nunito-Light.ttf"; sourceTree = "<group>"; };
		984388FA2AB1B02E0059D3C8 /* Nunito-BlackItalic.ttf */ = {isa = PBXFileReference; lastKnownFileType = file; path = "Nunito-BlackItalic.ttf"; sourceTree = "<group>"; };
		984388FB2AB1B02E0059D3C8 /* Nunito-MediumItalic.ttf */ = {isa = PBXFileReference; lastKnownFileType = file; path = "Nunito-MediumItalic.ttf"; sourceTree = "<group>"; };
		984388FC2AB1B02E0059D3C8 /* Nunito-ExtraBoldItalic.ttf */ = {isa = PBXFileReference; lastKnownFileType = file; path = "Nunito-ExtraBoldItalic.ttf"; sourceTree = "<group>"; };
		984388FD2AB1B02E0059D3C8 /* Nunito-Bold.ttf */ = {isa = PBXFileReference; lastKnownFileType = file; path = "Nunito-Bold.ttf"; sourceTree = "<group>"; };
		984388FE2AB1B02E0059D3C8 /* Nunito-Medium.ttf */ = {isa = PBXFileReference; lastKnownFileType = file; path = "Nunito-Medium.ttf"; sourceTree = "<group>"; };
		984388FF2AB1B02E0059D3C8 /* Nunito-ExtraLight.ttf */ = {isa = PBXFileReference; lastKnownFileType = file; path = "Nunito-ExtraLight.ttf"; sourceTree = "<group>"; };
		984389002AB1B02E0059D3C8 /* Nunito-ExtraBold.ttf */ = {isa = PBXFileReference; lastKnownFileType = file; path = "Nunito-ExtraBold.ttf"; sourceTree = "<group>"; };
		984389012AB1B02E0059D3C8 /* Nunito-Black.ttf */ = {isa = PBXFileReference; lastKnownFileType = file; path = "Nunito-Black.ttf"; sourceTree = "<group>"; };
		984389022AB1B02E0059D3C8 /* Nunito-SemiBoldItalic.ttf */ = {isa = PBXFileReference; lastKnownFileType = file; path = "Nunito-SemiBoldItalic.ttf"; sourceTree = "<group>"; };
		984389032AB1B02E0059D3C8 /* Nunito-ExtraLightItalic.ttf */ = {isa = PBXFileReference; lastKnownFileType = file; path = "Nunito-ExtraLightItalic.ttf"; sourceTree = "<group>"; };
		984389042AB1B02F0059D3C8 /* Nunito-LightItalic.ttf */ = {isa = PBXFileReference; lastKnownFileType = file; path = "Nunito-LightItalic.ttf"; sourceTree = "<group>"; };
		984389052AB1B02F0059D3C8 /* Nunito-Italic.ttf */ = {isa = PBXFileReference; lastKnownFileType = file; path = "Nunito-Italic.ttf"; sourceTree = "<group>"; };
		984389062AB1B02F0059D3C8 /* Nunito-Regular.ttf */ = {isa = PBXFileReference; lastKnownFileType = file; path = "Nunito-Regular.ttf"; sourceTree = "<group>"; };
		984389072AB1B02F0059D3C8 /* Nunito-BoldItalic.ttf */ = {isa = PBXFileReference; lastKnownFileType = file; path = "Nunito-BoldItalic.ttf"; sourceTree = "<group>"; };
		984389082AB1B02F0059D3C8 /* Nunito-SemiBold.ttf */ = {isa = PBXFileReference; lastKnownFileType = file; path = "Nunito-SemiBold.ttf"; sourceTree = "<group>"; };
		984389192AB1B0370059D3C8 /* Info.plist */ = {isa = PBXFileReference; lastKnownFileType = text.plist.xml; path = Info.plist; sourceTree = "<group>"; };
		984389252AB5869D0059D3C8 /* ArtistColumn.swift */ = {isa = PBXFileReference; lastKnownFileType = sourcecode.swift; path = ArtistColumn.swift; sourceTree = "<group>"; };
		984389272AB586AA0059D3C8 /* CategoryRow.swift */ = {isa = PBXFileReference; lastKnownFileType = sourcecode.swift; path = CategoryRow.swift; sourceTree = "<group>"; };
		9843892C2AB586CC0059D3C8 /* SongColumn.swift */ = {isa = PBXFileReference; lastKnownFileType = sourcecode.swift; path = SongColumn.swift; sourceTree = "<group>"; };
		9843892E2AB586E60059D3C8 /* ModelData.swift */ = {isa = PBXFileReference; lastKnownFileType = sourcecode.swift; path = ModelData.swift; sourceTree = "<group>"; };
		984389302AB586F00059D3C8 /* PhotoPicker.swift */ = {isa = PBXFileReference; lastKnownFileType = sourcecode.swift; path = PhotoPicker.swift; sourceTree = "<group>"; };
		984389322AB587010059D3C8 /* AccountEditView.swift */ = {isa = PBXFileReference; lastKnownFileType = sourcecode.swift; path = AccountEditView.swift; sourceTree = "<group>"; };
		984389342AB5870B0059D3C8 /* AccountView.swift */ = {isa = PBXFileReference; lastKnownFileType = sourcecode.swift; path = AccountView.swift; sourceTree = "<group>"; };
		984389362AB587190059D3C8 /* LibraryView.swift */ = {isa = PBXFileReference; lastKnownFileType = sourcecode.swift; path = LibraryView.swift; sourceTree = "<group>"; };
		984389382AB587230059D3C8 /* SeachView.swift */ = {isa = PBXFileReference; lastKnownFileType = sourcecode.swift; path = SeachView.swift; sourceTree = "<group>"; };
		9843893A2AB587460059D3C8 /* Artist.swift */ = {isa = PBXFileReference; lastKnownFileType = sourcecode.swift; name = Artist.swift; path = Tunexa/View/Artist.swift; sourceTree = SOURCE_ROOT; };
		9843893C2AB5874B0059D3C8 /* Song.swift */ = {isa = PBXFileReference; lastKnownFileType = sourcecode.swift; name = Song.swift; path = Tunexa/View/Song.swift; sourceTree = SOURCE_ROOT; };
		9843893E2AB587580059D3C8 /* Category.swift */ = {isa = PBXFileReference; lastKnownFileType = sourcecode.swift; name = Category.swift; path = Tunexa/View/Category.swift; sourceTree = SOURCE_ROOT; };
		984389412AB587AE0059D3C8 /* categories.json */ = {isa = PBXFileReference; fileEncoding = 4; lastKnownFileType = text.json; path = categories.json; sourceTree = "<group>"; };
		984389422AB587AE0059D3C8 /* songs.json */ = {isa = PBXFileReference; fileEncoding = 4; lastKnownFileType = text.json; path = songs.json; sourceTree = "<group>"; };
		984389432AB587AE0059D3C8 /* artists.json */ = {isa = PBXFileReference; fileEncoding = 4; lastKnownFileType = text.json; path = artists.json; sourceTree = "<group>"; };
		984389482AB71B000059D3C8 /* ArtistCard.swift */ = {isa = PBXFileReference; lastKnownFileType = sourcecode.swift; path = ArtistCard.swift; sourceTree = "<group>"; };
		9843894A2AB71B110059D3C8 /* CategoryCard.swift */ = {isa = PBXFileReference; lastKnownFileType = sourcecode.swift; path = CategoryCard.swift; sourceTree = "<group>"; };
		98B9761A2AB04F8B00515EA4 /* Modifiers.swift */ = {isa = PBXFileReference; lastKnownFileType = sourcecode.swift; path = Modifiers.swift; sourceTree = "<group>"; };
		98B9761C2AB04F9900515EA4 /* PlaySound.swift */ = {isa = PBXFileReference; lastKnownFileType = sourcecode.swift; path = PlaySound.swift; sourceTree = "<group>"; };
		98B9761E2AB04FA400515EA4 /* Utilities.swift */ = {isa = PBXFileReference; lastKnownFileType = sourcecode.swift; path = Utilities.swift; sourceTree = "<group>"; };
		98B976222AB04FC500515EA4 /* SongRow.swift */ = {isa = PBXFileReference; lastKnownFileType = sourcecode.swift; path = SongRow.swift; sourceTree = "<group>"; };
		98B976242AB04FCC00515EA4 /* SongCard.swift */ = {isa = PBXFileReference; lastKnownFileType = sourcecode.swift; path = SongCard.swift; sourceTree = "<group>"; };
		98B976262AB04FD800515EA4 /* HomeView.swift */ = {isa = PBXFileReference; lastKnownFileType = sourcecode.swift; path = HomeView.swift; sourceTree = "<group>"; };
		98B976282AB04FEE00515EA4 /* SplashView.swift */ = {isa = PBXFileReference; lastKnownFileType = sourcecode.swift; path = SplashView.swift; sourceTree = "<group>"; };
		98B9762B2AB0501700515EA4 /* Icon.swift */ = {isa = PBXFileReference; lastKnownFileType = sourcecode.swift; path = Icon.swift; sourceTree = "<group>"; };
		98B976352AB0555900515EA4 /* LogInView.swift */ = {isa = PBXFileReference; lastKnownFileType = sourcecode.swift; path = LogInView.swift; sourceTree = "<group>"; };
		98B976372AB0556000515EA4 /* SignUpView.swift */ = {isa = PBXFileReference; lastKnownFileType = sourcecode.swift; path = SignUpView.swift; sourceTree = "<group>"; };
		98D447852AB73B9D00C6BF77 /* EditPlaylist.swift */ = {isa = PBXFileReference; lastKnownFileType = sourcecode.swift; path = EditPlaylist.swift; sourceTree = "<group>"; };
		98D447892AB73BF400C6BF77 /* AddSongView.swift */ = {isa = PBXFileReference; lastKnownFileType = sourcecode.swift; path = AddSongView.swift; sourceTree = "<group>"; };
		98D4478B2AB73BFF00C6BF77 /* AddSongRow.swift */ = {isa = PBXFileReference; lastKnownFileType = sourcecode.swift; path = AddSongRow.swift; sourceTree = "<group>"; };
		EA3B46DD2AB04A5500BDF587 /* Tunexa.app */ = {isa = PBXFileReference; explicitFileType = wrapper.application; includeInIndex = 0; path = Tunexa.app; sourceTree = BUILT_PRODUCTS_DIR; };
		EA3B46E02AB04A5500BDF587 /* TunexaApp.swift */ = {isa = PBXFileReference; lastKnownFileType = sourcecode.swift; path = TunexaApp.swift; sourceTree = "<group>"; };
		EA3B46E22AB04A5500BDF587 /* ContentView.swift */ = {isa = PBXFileReference; lastKnownFileType = sourcecode.swift; path = ContentView.swift; sourceTree = "<group>"; };
		EA3B46E42AB04A5700BDF587 /* Assets.xcassets */ = {isa = PBXFileReference; lastKnownFileType = folder.assetcatalog; path = Assets.xcassets; sourceTree = "<group>"; };
		EA3B46E62AB04A5700BDF587 /* Tunexa.entitlements */ = {isa = PBXFileReference; lastKnownFileType = text.plist.entitlements; path = Tunexa.entitlements; sourceTree = "<group>"; };
		EA3B46E82AB04A5700BDF587 /* Preview Assets.xcassets */ = {isa = PBXFileReference; lastKnownFileType = folder.assetcatalog; path = "Preview Assets.xcassets"; sourceTree = "<group>"; };
		EA3B46EE2AB04A5700BDF587 /* TunexaTests.xctest */ = {isa = PBXFileReference; explicitFileType = wrapper.cfbundle; includeInIndex = 0; path = TunexaTests.xctest; sourceTree = BUILT_PRODUCTS_DIR; };
		EA3B46F22AB04A5700BDF587 /* TunexaTests.swift */ = {isa = PBXFileReference; lastKnownFileType = sourcecode.swift; path = TunexaTests.swift; sourceTree = "<group>"; };
		EA3B46F82AB04A5700BDF587 /* TunexaUITests.xctest */ = {isa = PBXFileReference; explicitFileType = wrapper.cfbundle; includeInIndex = 0; path = TunexaUITests.xctest; sourceTree = BUILT_PRODUCTS_DIR; };
		EA3B46FC2AB04A5700BDF587 /* TunexaUITests.swift */ = {isa = PBXFileReference; lastKnownFileType = sourcecode.swift; path = TunexaUITests.swift; sourceTree = "<group>"; };
		EA3B46FE2AB04A5700BDF587 /* TunexaUITestsLaunchTests.swift */ = {isa = PBXFileReference; lastKnownFileType = sourcecode.swift; path = TunexaUITestsLaunchTests.swift; sourceTree = "<group>"; };
		EA3B47132AB716CD00BDF587 /* Rating.swift */ = {isa = PBXFileReference; lastKnownFileType = sourcecode.swift; path = Rating.swift; sourceTree = "<group>"; };
		F3E8C7632AB1BFF100B99415 /* GoogleService-Info.plist */ = {isa = PBXFileReference; fileEncoding = 4; lastKnownFileType = text.plist.xml; path = "GoogleService-Info.plist"; sourceTree = "<group>"; };
/* End PBXFileReference section */

/* Begin PBXFrameworksBuildPhase section */
		EA3B46DA2AB04A5500BDF587 /* Frameworks */ = {
			isa = PBXFrameworksBuildPhase;
			buildActionMask = 2147483647;
			files = (
				F3E8C76B2AB1C1F400B99415 /* FirebaseFirestoreCombine-Community in Frameworks */,
				F3E8C7672AB1C1F400B99415 /* FirebaseAuth in Frameworks */,
				F3E8C7692AB1C1F400B99415 /* FirebaseFirestore in Frameworks */,
				F3E8C76F2AB1C1F400B99415 /* FirebaseStorage in Frameworks */,
				F3E8C7712AB1C1F400B99415 /* FirebaseStorageCombine-Community in Frameworks */,
				F3E8C76D2AB1C1F400B99415 /* FirebaseFirestoreSwift in Frameworks */,
			);
			runOnlyForDeploymentPostprocessing = 0;
		};
		EA3B46EB2AB04A5700BDF587 /* Frameworks */ = {
			isa = PBXFrameworksBuildPhase;
			buildActionMask = 2147483647;
			files = (
			);
			runOnlyForDeploymentPostprocessing = 0;
		};
		EA3B46F52AB04A5700BDF587 /* Frameworks */ = {
			isa = PBXFrameworksBuildPhase;
			buildActionMask = 2147483647;
			files = (
			);
			runOnlyForDeploymentPostprocessing = 0;
		};
/* End PBXFrameworksBuildPhase section */

/* Begin PBXGroup section */
		984389402AB587920059D3C8 /* Data */ = {
			isa = PBXGroup;
			children = (
				984389432AB587AE0059D3C8 /* artists.json */,
				984389412AB587AE0059D3C8 /* categories.json */,
				984389422AB587AE0059D3C8 /* songs.json */,
			);
			path = Data;
			sourceTree = "<group>";
		};
		984389472AB605600059D3C8 /* Search */ = {
			isa = PBXGroup;
			children = (
			);
			path = Search;
			sourceTree = "<group>";
		};
		98B976162AB04F4C00515EA4 /* View */ = {
			isa = PBXGroup;
			children = (
				EA3B46E22AB04A5500BDF587 /* ContentView.swift */,
				98B976262AB04FD800515EA4 /* HomeView.swift */,
				984389362AB587190059D3C8 /* LibraryView.swift */,
				98B976282AB04FEE00515EA4 /* SplashView.swift */,
				984389382AB587230059D3C8 /* SeachView.swift */,
				98B976372AB0556000515EA4 /* SignUpView.swift */,
				98B976352AB0555900515EA4 /* LogInView.swift */,
				984389322AB587010059D3C8 /* AccountEditView.swift */,
				984389342AB5870B0059D3C8 /* AccountView.swift */,
			);
			path = View;
			sourceTree = "<group>";
		};
		98B976172AB04F5000515EA4 /* ViewModel */ = {
			isa = PBXGroup;
			children = (
			);
			path = ViewModel;
			sourceTree = "<group>";
		};
		98B976182AB04F5A00515EA4 /* Model */ = {
			isa = PBXGroup;
			children = (
				9843893C2AB5874B0059D3C8 /* Song.swift */,
				9843893A2AB587460059D3C8 /* Artist.swift */,
				9843893E2AB587580059D3C8 /* Category.swift */,
			);
			path = Model;
			sourceTree = "<group>";
		};
		98B976192AB04F7200515EA4 /* Helpers */ = {
			isa = PBXGroup;
			children = (
				98B9761A2AB04F8B00515EA4 /* Modifiers.swift */,
				98B9761C2AB04F9900515EA4 /* PlaySound.swift */,
				98B9761E2AB04FA400515EA4 /* Utilities.swift */,
				9843892E2AB586E60059D3C8 /* ModelData.swift */,
				984389302AB586F00059D3C8 /* PhotoPicker.swift */,
			);
			path = Helpers;
			sourceTree = "<group>";
		};
		98B976202AB04FAB00515EA4 /* Components */ = {
			isa = PBXGroup;
			children = (
				98B9762A2AB0500C00515EA4 /* General */,
				98D447822AB72EA900C6BF77 /* Category */,
				98D447812AB72E9C00C6BF77 /* Artist */,
				98D447802AB72E8B00C6BF77 /* Song */,
				98B976212AB04FB800515EA4 /* DashBoard */,
				984389472AB605600059D3C8 /* Search */,
				98D447842AB73AEF00C6BF77 /* Library */,
			);
			path = Components;
			sourceTree = "<group>";
		};
		98B976212AB04FB800515EA4 /* DashBoard */ = {
			isa = PBXGroup;
			children = (
				98B976222AB04FC500515EA4 /* SongRow.swift */,
				98B976242AB04FCC00515EA4 /* SongCard.swift */,
				984389252AB5869D0059D3C8 /* ArtistColumn.swift */,
				984389272AB586AA0059D3C8 /* CategoryRow.swift */,
				9843892A2AB586BB0059D3C8 /* PlayListRow.swift */,
				9843892C2AB586CC0059D3C8 /* SongColumn.swift */,
				EA3B47132AB716CD00BDF587 /* Rating.swift */,
			);
			path = DashBoard;
			sourceTree = "<group>";
		};
		98B9762A2AB0500C00515EA4 /* General */ = {
			isa = PBXGroup;
			children = (
				98B9762B2AB0501700515EA4 /* Icon.swift */,
			);
			path = General;
			sourceTree = "<group>";
		};
		98B9762F2AB052F900515EA4 /* Fonts */ = {
			isa = PBXGroup;
			children = (
				984389012AB1B02E0059D3C8 /* Nunito-Black.ttf */,
				984388FA2AB1B02E0059D3C8 /* Nunito-BlackItalic.ttf */,
				984388FD2AB1B02E0059D3C8 /* Nunito-Bold.ttf */,
				984389072AB1B02F0059D3C8 /* Nunito-BoldItalic.ttf */,
				984389002AB1B02E0059D3C8 /* Nunito-ExtraBold.ttf */,
				984388FC2AB1B02E0059D3C8 /* Nunito-ExtraBoldItalic.ttf */,
				984388FF2AB1B02E0059D3C8 /* Nunito-ExtraLight.ttf */,
				984389032AB1B02E0059D3C8 /* Nunito-ExtraLightItalic.ttf */,
				984389052AB1B02F0059D3C8 /* Nunito-Italic.ttf */,
				984388F92AB1B02E0059D3C8 /* Nunito-Light.ttf */,
				984389042AB1B02F0059D3C8 /* Nunito-LightItalic.ttf */,
				984388FE2AB1B02E0059D3C8 /* Nunito-Medium.ttf */,
				984388FB2AB1B02E0059D3C8 /* Nunito-MediumItalic.ttf */,
				984389062AB1B02F0059D3C8 /* Nunito-Regular.ttf */,
				984389082AB1B02F0059D3C8 /* Nunito-SemiBold.ttf */,
				984389022AB1B02E0059D3C8 /* Nunito-SemiBoldItalic.ttf */,
			);
			path = Fonts;
			sourceTree = "<group>";
		};
		98B976302AB0531500515EA4 /* Sounds */ = {
			isa = PBXGroup;
			children = (
			);
			path = Sounds;
			sourceTree = "<group>";
		};
		98D447802AB72E8B00C6BF77 /* Song */ = {
			isa = PBXGroup;
			children = (
				9843892C2AB586CC0059D3C8 /* SongColumn.swift */,
				98B976222AB04FC500515EA4 /* SongRow.swift */,
				98B976242AB04FCC00515EA4 /* SongCard.swift */,
			);
			path = Song;
			sourceTree = "<group>";
		};
		98D447812AB72E9C00C6BF77 /* Artist */ = {
			isa = PBXGroup;
			children = (
				984389252AB5869D0059D3C8 /* ArtistColumn.swift */,
				984389482AB71B000059D3C8 /* ArtistCard.swift */,
			);
			path = Artist;
			sourceTree = "<group>";
		};
		98D447822AB72EA900C6BF77 /* Category */ = {
			isa = PBXGroup;
			children = (
				984389272AB586AA0059D3C8 /* CategoryRow.swift */,
				9843894A2AB71B110059D3C8 /* CategoryCard.swift */,
			);
			path = Category;
			sourceTree = "<group>";
		};
		98D447842AB73AEF00C6BF77 /* Library */ = {
			isa = PBXGroup;
			children = (
				98D447852AB73B9D00C6BF77 /* EditPlaylist.swift */,
				98D447892AB73BF400C6BF77 /* AddSongView.swift */,
				98D4478B2AB73BFF00C6BF77 /* AddSongRow.swift */,
			);
			path = Library;
			sourceTree = "<group>";
		};
		EA3B46D42AB04A5500BDF587 = {
			isa = PBXGroup;
			children = (
				EA3B46DF2AB04A5500BDF587 /* Tunexa */,
				EA3B46F12AB04A5700BDF587 /* TunexaTests */,
				EA3B46FB2AB04A5700BDF587 /* TunexaUITests */,
				EA3B46DE2AB04A5500BDF587 /* Products */,
			);
			sourceTree = "<group>";
		};
		EA3B46DE2AB04A5500BDF587 /* Products */ = {
			isa = PBXGroup;
			children = (
				EA3B46DD2AB04A5500BDF587 /* Tunexa.app */,
				EA3B46EE2AB04A5700BDF587 /* TunexaTests.xctest */,
				EA3B46F82AB04A5700BDF587 /* TunexaUITests.xctest */,
			);
			name = Products;
			sourceTree = "<group>";
		};
		EA3B46DF2AB04A5500BDF587 /* Tunexa */ = {
			isa = PBXGroup;
			children = (
				98B976302AB0531500515EA4 /* Sounds */,
				98B9762F2AB052F900515EA4 /* Fonts */,
				984389402AB587920059D3C8 /* Data */,
				98B976182AB04F5A00515EA4 /* Model */,
				98B976162AB04F4C00515EA4 /* View */,
				98B976172AB04F5000515EA4 /* ViewModel */,
				98B976202AB04FAB00515EA4 /* Components */,
				98B976192AB04F7200515EA4 /* Helpers */,
				EA3B46E02AB04A5500BDF587 /* TunexaApp.swift */,
				EA3B46E42AB04A5700BDF587 /* Assets.xcassets */,
				984389192AB1B0370059D3C8 /* Info.plist */,
				F3E8C7632AB1BFF100B99415 /* GoogleService-Info.plist */,
				EA3B46E62AB04A5700BDF587 /* Tunexa.entitlements */,
				EA3B46E72AB04A5700BDF587 /* Preview Content */,
			);
			path = Tunexa;
			sourceTree = "<group>";
		};
		EA3B46E72AB04A5700BDF587 /* Preview Content */ = {
			isa = PBXGroup;
			children = (
				EA3B46E82AB04A5700BDF587 /* Preview Assets.xcassets */,
			);
			path = "Preview Content";
			sourceTree = "<group>";
		};
		EA3B46F12AB04A5700BDF587 /* TunexaTests */ = {
			isa = PBXGroup;
			children = (
				EA3B46F22AB04A5700BDF587 /* TunexaTests.swift */,
			);
			path = TunexaTests;
			sourceTree = "<group>";
		};
		EA3B46FB2AB04A5700BDF587 /* TunexaUITests */ = {
			isa = PBXGroup;
			children = (
				EA3B46FC2AB04A5700BDF587 /* TunexaUITests.swift */,
				EA3B46FE2AB04A5700BDF587 /* TunexaUITestsLaunchTests.swift */,
			);
			path = TunexaUITests;
			sourceTree = "<group>";
		};
/* End PBXGroup section */

/* Begin PBXNativeTarget section */
		EA3B46DC2AB04A5500BDF587 /* Tunexa */ = {
			isa = PBXNativeTarget;
			buildConfigurationList = EA3B47022AB04A5700BDF587 /* Build configuration list for PBXNativeTarget "Tunexa" */;
			buildPhases = (
				EA3B46D92AB04A5500BDF587 /* Sources */,
				EA3B46DA2AB04A5500BDF587 /* Frameworks */,
				EA3B46DB2AB04A5500BDF587 /* Resources */,
			);
			buildRules = (
			);
			dependencies = (
			);
			name = Tunexa;
			packageProductDependencies = (
				F3E8C7662AB1C1F400B99415 /* FirebaseAuth */,
				F3E8C7682AB1C1F400B99415 /* FirebaseFirestore */,
				F3E8C76A2AB1C1F400B99415 /* FirebaseFirestoreCombine-Community */,
				F3E8C76C2AB1C1F400B99415 /* FirebaseFirestoreSwift */,
				F3E8C76E2AB1C1F400B99415 /* FirebaseStorage */,
				F3E8C7702AB1C1F400B99415 /* FirebaseStorageCombine-Community */,
			);
			productName = Tunexa;
			productReference = EA3B46DD2AB04A5500BDF587 /* Tunexa.app */;
			productType = "com.apple.product-type.application";
		};
		EA3B46ED2AB04A5700BDF587 /* TunexaTests */ = {
			isa = PBXNativeTarget;
			buildConfigurationList = EA3B47052AB04A5700BDF587 /* Build configuration list for PBXNativeTarget "TunexaTests" */;
			buildPhases = (
				EA3B46EA2AB04A5700BDF587 /* Sources */,
				EA3B46EB2AB04A5700BDF587 /* Frameworks */,
				EA3B46EC2AB04A5700BDF587 /* Resources */,
			);
			buildRules = (
			);
			dependencies = (
				EA3B46F02AB04A5700BDF587 /* PBXTargetDependency */,
			);
			name = TunexaTests;
			productName = TunexaTests;
			productReference = EA3B46EE2AB04A5700BDF587 /* TunexaTests.xctest */;
			productType = "com.apple.product-type.bundle.unit-test";
		};
		EA3B46F72AB04A5700BDF587 /* TunexaUITests */ = {
			isa = PBXNativeTarget;
			buildConfigurationList = EA3B47082AB04A5700BDF587 /* Build configuration list for PBXNativeTarget "TunexaUITests" */;
			buildPhases = (
				EA3B46F42AB04A5700BDF587 /* Sources */,
				EA3B46F52AB04A5700BDF587 /* Frameworks */,
				EA3B46F62AB04A5700BDF587 /* Resources */,
			);
			buildRules = (
			);
			dependencies = (
				EA3B46FA2AB04A5700BDF587 /* PBXTargetDependency */,
			);
			name = TunexaUITests;
			productName = TunexaUITests;
			productReference = EA3B46F82AB04A5700BDF587 /* TunexaUITests.xctest */;
			productType = "com.apple.product-type.bundle.ui-testing";
		};
/* End PBXNativeTarget section */

/* Begin PBXProject section */
		EA3B46D52AB04A5500BDF587 /* Project object */ = {
			isa = PBXProject;
			attributes = {
				BuildIndependentTargetsInParallel = 1;
				LastSwiftUpdateCheck = 1430;
				LastUpgradeCheck = 1430;
				TargetAttributes = {
					EA3B46DC2AB04A5500BDF587 = {
						CreatedOnToolsVersion = 14.3.1;
					};
					EA3B46ED2AB04A5700BDF587 = {
						CreatedOnToolsVersion = 14.3.1;
						TestTargetID = EA3B46DC2AB04A5500BDF587;
					};
					EA3B46F72AB04A5700BDF587 = {
						CreatedOnToolsVersion = 14.3.1;
						TestTargetID = EA3B46DC2AB04A5500BDF587;
					};
				};
			};
			buildConfigurationList = EA3B46D82AB04A5500BDF587 /* Build configuration list for PBXProject "Tunexa" */;
			compatibilityVersion = "Xcode 14.0";
			developmentRegion = en;
			hasScannedForEncodings = 0;
			knownRegions = (
				en,
				Base,
			);
			mainGroup = EA3B46D42AB04A5500BDF587;
			packageReferences = (
				F3E8C7652AB1C1F400B99415 /* XCRemoteSwiftPackageReference "firebase-ios-sdk" */,
			);
			productRefGroup = EA3B46DE2AB04A5500BDF587 /* Products */;
			projectDirPath = "";
			projectRoot = "";
			targets = (
				EA3B46DC2AB04A5500BDF587 /* Tunexa */,
				EA3B46ED2AB04A5700BDF587 /* TunexaTests */,
				EA3B46F72AB04A5700BDF587 /* TunexaUITests */,
			);
		};
/* End PBXProject section */

/* Begin PBXResourcesBuildPhase section */
		EA3B46DB2AB04A5500BDF587 /* Resources */ = {
			isa = PBXResourcesBuildPhase;
			buildActionMask = 2147483647;
			files = (
				984389132AB1B02F0059D3C8 /* Nunito-ExtraLightItalic.ttf in Resources */,
				984389152AB1B02F0059D3C8 /* Nunito-Italic.ttf in Resources */,
				984389122AB1B02F0059D3C8 /* Nunito-SemiBoldItalic.ttf in Resources */,
				984389452AB587AE0059D3C8 /* songs.json in Resources */,
				9843890E2AB1B02F0059D3C8 /* Nunito-Medium.ttf in Resources */,
				9843890D2AB1B02F0059D3C8 /* Nunito-Bold.ttf in Resources */,
				984389142AB1B02F0059D3C8 /* Nunito-LightItalic.ttf in Resources */,
				EA3B46E92AB04A5700BDF587 /* Preview Assets.xcassets in Resources */,
				984389462AB587AE0059D3C8 /* artists.json in Resources */,
				984389442AB587AE0059D3C8 /* categories.json in Resources */,
				984389172AB1B02F0059D3C8 /* Nunito-BoldItalic.ttf in Resources */,
				9843890F2AB1B02F0059D3C8 /* Nunito-ExtraLight.ttf in Resources */,
				EA3B46E52AB04A5700BDF587 /* Assets.xcassets in Resources */,
				984389092AB1B02F0059D3C8 /* Nunito-Light.ttf in Resources */,
				F3E8C7642AB1BFF100B99415 /* GoogleService-Info.plist in Resources */,
				984389162AB1B02F0059D3C8 /* Nunito-Regular.ttf in Resources */,
				984389182AB1B02F0059D3C8 /* Nunito-SemiBold.ttf in Resources */,
				984389112AB1B02F0059D3C8 /* Nunito-Black.ttf in Resources */,
				9843890B2AB1B02F0059D3C8 /* Nunito-MediumItalic.ttf in Resources */,
				984389102AB1B02F0059D3C8 /* Nunito-ExtraBold.ttf in Resources */,
				9843890A2AB1B02F0059D3C8 /* Nunito-BlackItalic.ttf in Resources */,
				9843890C2AB1B02F0059D3C8 /* Nunito-ExtraBoldItalic.ttf in Resources */,
			);
			runOnlyForDeploymentPostprocessing = 0;
		};
		EA3B46EC2AB04A5700BDF587 /* Resources */ = {
			isa = PBXResourcesBuildPhase;
			buildActionMask = 2147483647;
			files = (
			);
			runOnlyForDeploymentPostprocessing = 0;
		};
		EA3B46F62AB04A5700BDF587 /* Resources */ = {
			isa = PBXResourcesBuildPhase;
			buildActionMask = 2147483647;
			files = (
			);
			runOnlyForDeploymentPostprocessing = 0;
		};
/* End PBXResourcesBuildPhase section */

/* Begin PBXSourcesBuildPhase section */
		EA3B46D92AB04A5500BDF587 /* Sources */ = {
			isa = PBXSourcesBuildPhase;
			buildActionMask = 2147483647;
			files = (
				9843892F2AB586E60059D3C8 /* ModelData.swift in Sources */,
				984389332AB587010059D3C8 /* AccountEditView.swift in Sources */,
				984389492AB71B000059D3C8 /* ArtistCard.swift in Sources */,
				98D4478C2AB73BFF00C6BF77 /* AddSongRow.swift in Sources */,
				9843894B2AB71B110059D3C8 /* CategoryCard.swift in Sources */,
				9843892D2AB586CC0059D3C8 /* SongColumn.swift in Sources */,
				984389392AB587230059D3C8 /* SeachView.swift in Sources */,
				984389312AB586F00059D3C8 /* PhotoPicker.swift in Sources */,
				984389352AB5870B0059D3C8 /* AccountView.swift in Sources */,
				984389262AB5869D0059D3C8 /* ArtistColumn.swift in Sources */,
				98B976292AB04FEE00515EA4 /* SplashView.swift in Sources */,
				984389372AB587190059D3C8 /* LibraryView.swift in Sources */,
				EA3B46E32AB04A5500BDF587 /* ContentView.swift in Sources */,
				98B976272AB04FD800515EA4 /* HomeView.swift in Sources */,
				98D447862AB73B9D00C6BF77 /* EditPlaylist.swift in Sources */,
				9843893D2AB5874B0059D3C8 /* Song.swift in Sources */,
				984389282AB586AA0059D3C8 /* CategoryRow.swift in Sources */,
				9843893B2AB587460059D3C8 /* Artist.swift in Sources */,
				98B976232AB04FC500515EA4 /* SongRow.swift in Sources */,
				9843893F2AB587580059D3C8 /* Category.swift in Sources */,
				98B976382AB0556000515EA4 /* SignUpView.swift in Sources */,
				98B976252AB04FCC00515EA4 /* SongCard.swift in Sources */,
				98B9761D2AB04F9900515EA4 /* PlaySound.swift in Sources */,
				98B9761B2AB04F8B00515EA4 /* Modifiers.swift in Sources */,
				98B9761F2AB04FA400515EA4 /* Utilities.swift in Sources */,
				98B976362AB0555900515EA4 /* LogInView.swift in Sources */,
				98B9762C2AB0501700515EA4 /* Icon.swift in Sources */,
				98D4478A2AB73BF400C6BF77 /* AddSongView.swift in Sources */,
				EA3B46E12AB04A5500BDF587 /* TunexaApp.swift in Sources */,
			);
			runOnlyForDeploymentPostprocessing = 0;
		};
		EA3B46EA2AB04A5700BDF587 /* Sources */ = {
			isa = PBXSourcesBuildPhase;
			buildActionMask = 2147483647;
			files = (
				EA3B46F32AB04A5700BDF587 /* TunexaTests.swift in Sources */,
			);
			runOnlyForDeploymentPostprocessing = 0;
		};
		EA3B46F42AB04A5700BDF587 /* Sources */ = {
			isa = PBXSourcesBuildPhase;
			buildActionMask = 2147483647;
			files = (
				EA3B46FD2AB04A5700BDF587 /* TunexaUITests.swift in Sources */,
				EA3B46FF2AB04A5700BDF587 /* TunexaUITestsLaunchTests.swift in Sources */,
			);
			runOnlyForDeploymentPostprocessing = 0;
		};
/* End PBXSourcesBuildPhase section */

/* Begin PBXTargetDependency section */
		EA3B46F02AB04A5700BDF587 /* PBXTargetDependency */ = {
			isa = PBXTargetDependency;
			target = EA3B46DC2AB04A5500BDF587 /* Tunexa */;
			targetProxy = EA3B46EF2AB04A5700BDF587 /* PBXContainerItemProxy */;
		};
		EA3B46FA2AB04A5700BDF587 /* PBXTargetDependency */ = {
			isa = PBXTargetDependency;
			target = EA3B46DC2AB04A5500BDF587 /* Tunexa */;
			targetProxy = EA3B46F92AB04A5700BDF587 /* PBXContainerItemProxy */;
		};
/* End PBXTargetDependency section */

/* Begin XCBuildConfiguration section */
		EA3B47002AB04A5700BDF587 /* Debug */ = {
			isa = XCBuildConfiguration;
			buildSettings = {
				ALWAYS_SEARCH_USER_PATHS = NO;
				CLANG_ANALYZER_NONNULL = YES;
				CLANG_ANALYZER_NUMBER_OBJECT_CONVERSION = YES_AGGRESSIVE;
				CLANG_CXX_LANGUAGE_STANDARD = "gnu++20";
				CLANG_ENABLE_MODULES = YES;
				CLANG_ENABLE_OBJC_ARC = YES;
				CLANG_ENABLE_OBJC_WEAK = YES;
				CLANG_WARN_BLOCK_CAPTURE_AUTORELEASING = YES;
				CLANG_WARN_BOOL_CONVERSION = YES;
				CLANG_WARN_COMMA = YES;
				CLANG_WARN_CONSTANT_CONVERSION = YES;
				CLANG_WARN_DEPRECATED_OBJC_IMPLEMENTATIONS = YES;
				CLANG_WARN_DIRECT_OBJC_ISA_USAGE = YES_ERROR;
				CLANG_WARN_DOCUMENTATION_COMMENTS = YES;
				CLANG_WARN_EMPTY_BODY = YES;
				CLANG_WARN_ENUM_CONVERSION = YES;
				CLANG_WARN_INFINITE_RECURSION = YES;
				CLANG_WARN_INT_CONVERSION = YES;
				CLANG_WARN_NON_LITERAL_NULL_CONVERSION = YES;
				CLANG_WARN_OBJC_IMPLICIT_RETAIN_SELF = YES;
				CLANG_WARN_OBJC_LITERAL_CONVERSION = YES;
				CLANG_WARN_OBJC_ROOT_CLASS = YES_ERROR;
				CLANG_WARN_QUOTED_INCLUDE_IN_FRAMEWORK_HEADER = YES;
				CLANG_WARN_RANGE_LOOP_ANALYSIS = YES;
				CLANG_WARN_STRICT_PROTOTYPES = YES;
				CLANG_WARN_SUSPICIOUS_MOVE = YES;
				CLANG_WARN_UNGUARDED_AVAILABILITY = YES_AGGRESSIVE;
				CLANG_WARN_UNREACHABLE_CODE = YES;
				CLANG_WARN__DUPLICATE_METHOD_MATCH = YES;
				COPY_PHASE_STRIP = NO;
				DEBUG_INFORMATION_FORMAT = dwarf;
				ENABLE_STRICT_OBJC_MSGSEND = YES;
				ENABLE_TESTABILITY = YES;
				GCC_C_LANGUAGE_STANDARD = gnu11;
				GCC_DYNAMIC_NO_PIC = NO;
				GCC_NO_COMMON_BLOCKS = YES;
				GCC_OPTIMIZATION_LEVEL = 0;
				GCC_PREPROCESSOR_DEFINITIONS = (
					"DEBUG=1",
					"$(inherited)",
				);
				GCC_WARN_64_TO_32_BIT_CONVERSION = YES;
				GCC_WARN_ABOUT_RETURN_TYPE = YES_ERROR;
				GCC_WARN_UNDECLARED_SELECTOR = YES;
				GCC_WARN_UNINITIALIZED_AUTOS = YES_AGGRESSIVE;
				GCC_WARN_UNUSED_FUNCTION = YES;
				GCC_WARN_UNUSED_VARIABLE = YES;
				MTL_ENABLE_DEBUG_INFO = INCLUDE_SOURCE;
				MTL_FAST_MATH = YES;
				ONLY_ACTIVE_ARCH = YES;
				SWIFT_ACTIVE_COMPILATION_CONDITIONS = DEBUG;
				SWIFT_OPTIMIZATION_LEVEL = "-Onone";
			};
			name = Debug;
		};
		EA3B47012AB04A5700BDF587 /* Release */ = {
			isa = XCBuildConfiguration;
			buildSettings = {
				ALWAYS_SEARCH_USER_PATHS = NO;
				CLANG_ANALYZER_NONNULL = YES;
				CLANG_ANALYZER_NUMBER_OBJECT_CONVERSION = YES_AGGRESSIVE;
				CLANG_CXX_LANGUAGE_STANDARD = "gnu++20";
				CLANG_ENABLE_MODULES = YES;
				CLANG_ENABLE_OBJC_ARC = YES;
				CLANG_ENABLE_OBJC_WEAK = YES;
				CLANG_WARN_BLOCK_CAPTURE_AUTORELEASING = YES;
				CLANG_WARN_BOOL_CONVERSION = YES;
				CLANG_WARN_COMMA = YES;
				CLANG_WARN_CONSTANT_CONVERSION = YES;
				CLANG_WARN_DEPRECATED_OBJC_IMPLEMENTATIONS = YES;
				CLANG_WARN_DIRECT_OBJC_ISA_USAGE = YES_ERROR;
				CLANG_WARN_DOCUMENTATION_COMMENTS = YES;
				CLANG_WARN_EMPTY_BODY = YES;
				CLANG_WARN_ENUM_CONVERSION = YES;
				CLANG_WARN_INFINITE_RECURSION = YES;
				CLANG_WARN_INT_CONVERSION = YES;
				CLANG_WARN_NON_LITERAL_NULL_CONVERSION = YES;
				CLANG_WARN_OBJC_IMPLICIT_RETAIN_SELF = YES;
				CLANG_WARN_OBJC_LITERAL_CONVERSION = YES;
				CLANG_WARN_OBJC_ROOT_CLASS = YES_ERROR;
				CLANG_WARN_QUOTED_INCLUDE_IN_FRAMEWORK_HEADER = YES;
				CLANG_WARN_RANGE_LOOP_ANALYSIS = YES;
				CLANG_WARN_STRICT_PROTOTYPES = YES;
				CLANG_WARN_SUSPICIOUS_MOVE = YES;
				CLANG_WARN_UNGUARDED_AVAILABILITY = YES_AGGRESSIVE;
				CLANG_WARN_UNREACHABLE_CODE = YES;
				CLANG_WARN__DUPLICATE_METHOD_MATCH = YES;
				COPY_PHASE_STRIP = NO;
				DEBUG_INFORMATION_FORMAT = "dwarf-with-dsym";
				ENABLE_NS_ASSERTIONS = NO;
				ENABLE_STRICT_OBJC_MSGSEND = YES;
				GCC_C_LANGUAGE_STANDARD = gnu11;
				GCC_NO_COMMON_BLOCKS = YES;
				GCC_WARN_64_TO_32_BIT_CONVERSION = YES;
				GCC_WARN_ABOUT_RETURN_TYPE = YES_ERROR;
				GCC_WARN_UNDECLARED_SELECTOR = YES;
				GCC_WARN_UNINITIALIZED_AUTOS = YES_AGGRESSIVE;
				GCC_WARN_UNUSED_FUNCTION = YES;
				GCC_WARN_UNUSED_VARIABLE = YES;
				MTL_ENABLE_DEBUG_INFO = NO;
				MTL_FAST_MATH = YES;
				SWIFT_COMPILATION_MODE = wholemodule;
				SWIFT_OPTIMIZATION_LEVEL = "-O";
			};
			name = Release;
		};
		EA3B47032AB04A5700BDF587 /* Debug */ = {
			isa = XCBuildConfiguration;
			buildSettings = {
				ASSETCATALOG_COMPILER_APPICON_NAME = AppIcon;
				ASSETCATALOG_COMPILER_GLOBAL_ACCENT_COLOR_NAME = AccentColor;
				CODE_SIGN_ENTITLEMENTS = Tunexa/Tunexa.entitlements;
				CODE_SIGN_STYLE = Automatic;
				CURRENT_PROJECT_VERSION = 1;
				DEVELOPMENT_ASSET_PATHS = "\"Tunexa/Preview Content\"";
				ENABLE_PREVIEWS = YES;
				GENERATE_INFOPLIST_FILE = YES;
				INFOPLIST_FILE = Tunexa/Info.plist;
				"INFOPLIST_KEY_UIApplicationSceneManifest_Generation[sdk=iphoneos*]" = YES;
				"INFOPLIST_KEY_UIApplicationSceneManifest_Generation[sdk=iphonesimulator*]" = YES;
				"INFOPLIST_KEY_UIApplicationSupportsIndirectInputEvents[sdk=iphoneos*]" = YES;
				"INFOPLIST_KEY_UIApplicationSupportsIndirectInputEvents[sdk=iphonesimulator*]" = YES;
				"INFOPLIST_KEY_UILaunchScreen_Generation[sdk=iphoneos*]" = YES;
				"INFOPLIST_KEY_UILaunchScreen_Generation[sdk=iphonesimulator*]" = YES;
				"INFOPLIST_KEY_UIStatusBarStyle[sdk=iphoneos*]" = UIStatusBarStyleDefault;
				"INFOPLIST_KEY_UIStatusBarStyle[sdk=iphonesimulator*]" = UIStatusBarStyleDefault;
				INFOPLIST_KEY_UISupportedInterfaceOrientations_iPad = "UIInterfaceOrientationPortrait UIInterfaceOrientationPortraitUpsideDown UIInterfaceOrientationLandscapeLeft UIInterfaceOrientationLandscapeRight";
				IPHONEOS_DEPLOYMENT_TARGET = 16.4;
				LD_RUNPATH_SEARCH_PATHS = "@executable_path/Frameworks";
				"LD_RUNPATH_SEARCH_PATHS[sdk=macosx*]" = "@executable_path/../Frameworks";
				MACOSX_DEPLOYMENT_TARGET = 13.3;
				MARKETING_VERSION = 1.0;
				PRODUCT_BUNDLE_IDENTIFIER = tony.Tunexa;
				PRODUCT_NAME = "$(TARGET_NAME)";
				SDKROOT = auto;
				SUPPORTED_PLATFORMS = "iphoneos iphonesimulator macosx";
				SWIFT_EMIT_LOC_STRINGS = YES;
				SWIFT_VERSION = 5.0;
				TARGETED_DEVICE_FAMILY = "1,2";
			};
			name = Debug;
		};
		EA3B47042AB04A5700BDF587 /* Release */ = {
			isa = XCBuildConfiguration;
			buildSettings = {
				ASSETCATALOG_COMPILER_APPICON_NAME = AppIcon;
				ASSETCATALOG_COMPILER_GLOBAL_ACCENT_COLOR_NAME = AccentColor;
				CODE_SIGN_ENTITLEMENTS = Tunexa/Tunexa.entitlements;
				CODE_SIGN_STYLE = Automatic;
				CURRENT_PROJECT_VERSION = 1;
				DEVELOPMENT_ASSET_PATHS = "\"Tunexa/Preview Content\"";
				ENABLE_PREVIEWS = YES;
				GENERATE_INFOPLIST_FILE = YES;
				INFOPLIST_FILE = Tunexa/Info.plist;
				"INFOPLIST_KEY_UIApplicationSceneManifest_Generation[sdk=iphoneos*]" = YES;
				"INFOPLIST_KEY_UIApplicationSceneManifest_Generation[sdk=iphonesimulator*]" = YES;
				"INFOPLIST_KEY_UIApplicationSupportsIndirectInputEvents[sdk=iphoneos*]" = YES;
				"INFOPLIST_KEY_UIApplicationSupportsIndirectInputEvents[sdk=iphonesimulator*]" = YES;
				"INFOPLIST_KEY_UILaunchScreen_Generation[sdk=iphoneos*]" = YES;
				"INFOPLIST_KEY_UILaunchScreen_Generation[sdk=iphonesimulator*]" = YES;
				"INFOPLIST_KEY_UIStatusBarStyle[sdk=iphoneos*]" = UIStatusBarStyleDefault;
				"INFOPLIST_KEY_UIStatusBarStyle[sdk=iphonesimulator*]" = UIStatusBarStyleDefault;
				INFOPLIST_KEY_UISupportedInterfaceOrientations_iPad = "UIInterfaceOrientationPortrait UIInterfaceOrientationPortraitUpsideDown UIInterfaceOrientationLandscapeLeft UIInterfaceOrientationLandscapeRight";
				IPHONEOS_DEPLOYMENT_TARGET = 16.4;
				LD_RUNPATH_SEARCH_PATHS = "@executable_path/Frameworks";
				"LD_RUNPATH_SEARCH_PATHS[sdk=macosx*]" = "@executable_path/../Frameworks";
				MACOSX_DEPLOYMENT_TARGET = 13.3;
				MARKETING_VERSION = 1.0;
				PRODUCT_BUNDLE_IDENTIFIER = tony.Tunexa;
				PRODUCT_NAME = "$(TARGET_NAME)";
				SDKROOT = auto;
				SUPPORTED_PLATFORMS = "iphoneos iphonesimulator macosx";
				SWIFT_EMIT_LOC_STRINGS = YES;
				SWIFT_VERSION = 5.0;
				TARGETED_DEVICE_FAMILY = "1,2";
			};
			name = Release;
		};
		EA3B47062AB04A5700BDF587 /* Debug */ = {
			isa = XCBuildConfiguration;
			buildSettings = {
				ALWAYS_EMBED_SWIFT_STANDARD_LIBRARIES = YES;
				BUNDLE_LOADER = "$(TEST_HOST)";
				CODE_SIGN_STYLE = Automatic;
				CURRENT_PROJECT_VERSION = 1;
				GENERATE_INFOPLIST_FILE = YES;
				IPHONEOS_DEPLOYMENT_TARGET = 16.4;
				MACOSX_DEPLOYMENT_TARGET = 13.3;
				MARKETING_VERSION = 1.0;
				PRODUCT_BUNDLE_IDENTIFIER = tony.TunexaTests;
				PRODUCT_NAME = "$(TARGET_NAME)";
				SDKROOT = auto;
				SUPPORTED_PLATFORMS = "iphoneos iphonesimulator macosx";
				SWIFT_EMIT_LOC_STRINGS = NO;
				SWIFT_VERSION = 5.0;
				TARGETED_DEVICE_FAMILY = "1,2";
				TEST_HOST = "$(BUILT_PRODUCTS_DIR)/Tunexa.app/$(BUNDLE_EXECUTABLE_FOLDER_PATH)/Tunexa";
			};
			name = Debug;
		};
		EA3B47072AB04A5700BDF587 /* Release */ = {
			isa = XCBuildConfiguration;
			buildSettings = {
				ALWAYS_EMBED_SWIFT_STANDARD_LIBRARIES = YES;
				BUNDLE_LOADER = "$(TEST_HOST)";
				CODE_SIGN_STYLE = Automatic;
				CURRENT_PROJECT_VERSION = 1;
				GENERATE_INFOPLIST_FILE = YES;
				IPHONEOS_DEPLOYMENT_TARGET = 16.4;
				MACOSX_DEPLOYMENT_TARGET = 13.3;
				MARKETING_VERSION = 1.0;
				PRODUCT_BUNDLE_IDENTIFIER = tony.TunexaTests;
				PRODUCT_NAME = "$(TARGET_NAME)";
				SDKROOT = auto;
				SUPPORTED_PLATFORMS = "iphoneos iphonesimulator macosx";
				SWIFT_EMIT_LOC_STRINGS = NO;
				SWIFT_VERSION = 5.0;
				TARGETED_DEVICE_FAMILY = "1,2";
				TEST_HOST = "$(BUILT_PRODUCTS_DIR)/Tunexa.app/$(BUNDLE_EXECUTABLE_FOLDER_PATH)/Tunexa";
			};
			name = Release;
		};
		EA3B47092AB04A5700BDF587 /* Debug */ = {
			isa = XCBuildConfiguration;
			buildSettings = {
				ALWAYS_EMBED_SWIFT_STANDARD_LIBRARIES = YES;
				CODE_SIGN_STYLE = Automatic;
				CURRENT_PROJECT_VERSION = 1;
				GENERATE_INFOPLIST_FILE = YES;
				IPHONEOS_DEPLOYMENT_TARGET = 16.4;
				MACOSX_DEPLOYMENT_TARGET = 13.3;
				MARKETING_VERSION = 1.0;
				PRODUCT_BUNDLE_IDENTIFIER = tony.TunexaUITests;
				PRODUCT_NAME = "$(TARGET_NAME)";
				SDKROOT = auto;
				SUPPORTED_PLATFORMS = "iphoneos iphonesimulator macosx";
				SWIFT_EMIT_LOC_STRINGS = NO;
				SWIFT_VERSION = 5.0;
				TARGETED_DEVICE_FAMILY = "1,2";
				TEST_TARGET_NAME = Tunexa;
			};
			name = Debug;
		};
		EA3B470A2AB04A5700BDF587 /* Release */ = {
			isa = XCBuildConfiguration;
			buildSettings = {
				ALWAYS_EMBED_SWIFT_STANDARD_LIBRARIES = YES;
				CODE_SIGN_STYLE = Automatic;
				CURRENT_PROJECT_VERSION = 1;
				GENERATE_INFOPLIST_FILE = YES;
				IPHONEOS_DEPLOYMENT_TARGET = 16.4;
				MACOSX_DEPLOYMENT_TARGET = 13.3;
				MARKETING_VERSION = 1.0;
				PRODUCT_BUNDLE_IDENTIFIER = tony.TunexaUITests;
				PRODUCT_NAME = "$(TARGET_NAME)";
				SDKROOT = auto;
				SUPPORTED_PLATFORMS = "iphoneos iphonesimulator macosx";
				SWIFT_EMIT_LOC_STRINGS = NO;
				SWIFT_VERSION = 5.0;
				TARGETED_DEVICE_FAMILY = "1,2";
				TEST_TARGET_NAME = Tunexa;
			};
			name = Release;
		};
/* End XCBuildConfiguration section */

/* Begin XCConfigurationList section */
		EA3B46D82AB04A5500BDF587 /* Build configuration list for PBXProject "Tunexa" */ = {
			isa = XCConfigurationList;
			buildConfigurations = (
				EA3B47002AB04A5700BDF587 /* Debug */,
				EA3B47012AB04A5700BDF587 /* Release */,
			);
			defaultConfigurationIsVisible = 0;
			defaultConfigurationName = Release;
		};
		EA3B47022AB04A5700BDF587 /* Build configuration list for PBXNativeTarget "Tunexa" */ = {
			isa = XCConfigurationList;
			buildConfigurations = (
				EA3B47032AB04A5700BDF587 /* Debug */,
				EA3B47042AB04A5700BDF587 /* Release */,
			);
			defaultConfigurationIsVisible = 0;
			defaultConfigurationName = Release;
		};
		EA3B47052AB04A5700BDF587 /* Build configuration list for PBXNativeTarget "TunexaTests" */ = {
			isa = XCConfigurationList;
			buildConfigurations = (
				EA3B47062AB04A5700BDF587 /* Debug */,
				EA3B47072AB04A5700BDF587 /* Release */,
			);
			defaultConfigurationIsVisible = 0;
			defaultConfigurationName = Release;
		};
		EA3B47082AB04A5700BDF587 /* Build configuration list for PBXNativeTarget "TunexaUITests" */ = {
			isa = XCConfigurationList;
			buildConfigurations = (
				EA3B47092AB04A5700BDF587 /* Debug */,
				EA3B470A2AB04A5700BDF587 /* Release */,
			);
			defaultConfigurationIsVisible = 0;
			defaultConfigurationName = Release;
		};
/* End XCConfigurationList section */

/* Begin XCRemoteSwiftPackageReference section */
		F3E8C7652AB1C1F400B99415 /* XCRemoteSwiftPackageReference "firebase-ios-sdk" */ = {
			isa = XCRemoteSwiftPackageReference;
			repositoryURL = "https://github.com/firebase/firebase-ios-sdk";
			requirement = {
				branch = master;
				kind = branch;
			};
		};
/* End XCRemoteSwiftPackageReference section */

/* Begin XCSwiftPackageProductDependency section */
		F3E8C7662AB1C1F400B99415 /* FirebaseAuth */ = {
			isa = XCSwiftPackageProductDependency;
			package = F3E8C7652AB1C1F400B99415 /* XCRemoteSwiftPackageReference "firebase-ios-sdk" */;
			productName = FirebaseAuth;
		};
		F3E8C7682AB1C1F400B99415 /* FirebaseFirestore */ = {
			isa = XCSwiftPackageProductDependency;
			package = F3E8C7652AB1C1F400B99415 /* XCRemoteSwiftPackageReference "firebase-ios-sdk" */;
			productName = FirebaseFirestore;
		};
		F3E8C76A2AB1C1F400B99415 /* FirebaseFirestoreCombine-Community */ = {
			isa = XCSwiftPackageProductDependency;
			package = F3E8C7652AB1C1F400B99415 /* XCRemoteSwiftPackageReference "firebase-ios-sdk" */;
			productName = "FirebaseFirestoreCombine-Community";
		};
		F3E8C76C2AB1C1F400B99415 /* FirebaseFirestoreSwift */ = {
			isa = XCSwiftPackageProductDependency;
			package = F3E8C7652AB1C1F400B99415 /* XCRemoteSwiftPackageReference "firebase-ios-sdk" */;
			productName = FirebaseFirestoreSwift;
		};
		F3E8C76E2AB1C1F400B99415 /* FirebaseStorage */ = {
			isa = XCSwiftPackageProductDependency;
			package = F3E8C7652AB1C1F400B99415 /* XCRemoteSwiftPackageReference "firebase-ios-sdk" */;
			productName = FirebaseStorage;
		};
		F3E8C7702AB1C1F400B99415 /* FirebaseStorageCombine-Community */ = {
			isa = XCSwiftPackageProductDependency;
			package = F3E8C7652AB1C1F400B99415 /* XCRemoteSwiftPackageReference "firebase-ios-sdk" */;
			productName = "FirebaseStorageCombine-Community";
		};
/* End XCSwiftPackageProductDependency section */
	};
	rootObject = EA3B46D52AB04A5500BDF587 /* Project object */;
}
