// !$*UTF8*$!
{
	archiveVersion = 1;
	classes = {
	};
	objectVersion = 56;
	objects = {

/* Begin PBXBuildFile section */
		98ACBB882ABA1818009A193D /* Cô Gái Bàn Bên.mp3 in Resources */ = {isa = PBXBuildFile; fileRef = 98ACBB852ABA1818009A193D /* Cô Gái Bàn Bên.mp3 */; };
		98ACBB892ABA1818009A193D /* Ghé-Thăm.mp3 in Resources */ = {isa = PBXBuildFile; fileRef = 98ACBB862ABA1818009A193D /* Ghé-Thăm.mp3 */; };
		98ACBB8A2ABA1818009A193D /* Stay.mp3 in Resources */ = {isa = PBXBuildFile; fileRef = 98ACBB872ABA1818009A193D /* Stay.mp3 */; };
		98B9761B2AB04F8B00515EA4 /* Modifiers.swift in Sources */ = {isa = PBXBuildFile; fileRef = 98B9761A2AB04F8B00515EA4 /* Modifiers.swift */; };
		98B9761D2AB04F9900515EA4 /* PlaySound.swift in Sources */ = {isa = PBXBuildFile; fileRef = 98B9761C2AB04F9900515EA4 /* PlaySound.swift */; };
		98B9761F2AB04FA400515EA4 /* Utilities.swift in Sources */ = {isa = PBXBuildFile; fileRef = 98B9761E2AB04FA400515EA4 /* Utilities.swift */; };
		98B976232AB04FC500515EA4 /* SongRow.swift in Sources */ = {isa = PBXBuildFile; fileRef = 98B976222AB04FC500515EA4 /* SongRow.swift */; };
		98B976252AB04FCC00515EA4 /* SongCard.swift in Sources */ = {isa = PBXBuildFile; fileRef = 98B976242AB04FCC00515EA4 /* SongCard.swift */; };
		98B976272AB04FD800515EA4 /* DashBoardView.swift in Sources */ = {isa = PBXBuildFile; fileRef = 98B976262AB04FD800515EA4 /* DashBoardView.swift */; };
		98B976292AB04FEE00515EA4 /* SplashView.swift in Sources */ = {isa = PBXBuildFile; fileRef = 98B976282AB04FEE00515EA4 /* SplashView.swift */; };
		98B9762C2AB0501700515EA4 /* Icon.swift in Sources */ = {isa = PBXBuildFile; fileRef = 98B9762B2AB0501700515EA4 /* Icon.swift */; };
		98B976362AB0555900515EA4 /* LogInView.swift in Sources */ = {isa = PBXBuildFile; fileRef = 98B976352AB0555900515EA4 /* LogInView.swift */; };
		98B976382AB0556000515EA4 /* SignUpView.swift in Sources */ = {isa = PBXBuildFile; fileRef = 98B976372AB0556000515EA4 /* SignUpView.swift */; };
		A72B64D92AB59FA600A2A16A /* Song.swift in Sources */ = {isa = PBXBuildFile; fileRef = A72B64D82AB59FA600A2A16A /* Song.swift */; };
		A72B64EA2AB5ABE800A2A16A /* SongCardTestView.swift in Sources */ = {isa = PBXBuildFile; fileRef = A72B64E92AB5ABE800A2A16A /* SongCardTestView.swift */; };
		A7368FF92AB1701B0064C531 /* FirebaseAuth in Frameworks */ = {isa = PBXBuildFile; productRef = A7368FF82AB1701B0064C531 /* FirebaseAuth */; };
		A7368FFB2AB1701B0064C531 /* FirebaseFirestore in Frameworks */ = {isa = PBXBuildFile; productRef = A7368FFA2AB1701B0064C531 /* FirebaseFirestore */; };
		A7368FFD2AB1701B0064C531 /* FirebaseFirestoreCombine-Community in Frameworks */ = {isa = PBXBuildFile; productRef = A7368FFC2AB1701B0064C531 /* FirebaseFirestoreCombine-Community */; };
		A7368FFF2AB1701B0064C531 /* FirebaseFirestoreSwift in Frameworks */ = {isa = PBXBuildFile; productRef = A7368FFE2AB1701B0064C531 /* FirebaseFirestoreSwift */; };
		A73690012AB1701B0064C531 /* FirebaseStorage in Frameworks */ = {isa = PBXBuildFile; productRef = A73690002AB1701B0064C531 /* FirebaseStorage */; };
		A73690032AB1701B0064C531 /* FirebaseStorageCombine-Community in Frameworks */ = {isa = PBXBuildFile; productRef = A73690022AB1701B0064C531 /* FirebaseStorageCombine-Community */; };
		A77D88EE2AB17E800028475C /* SongTestView.swift in Sources */ = {isa = PBXBuildFile; fileRef = A77D88ED2AB17E800028475C /* SongTestView.swift */; };
		A77D88F82AB18EB30028475C /* SongViewModel.swift in Sources */ = {isa = PBXBuildFile; fileRef = A77D88F72AB18EB30028475C /* SongViewModel.swift */; };
		A78EA2492AB3255200CE227D /* SongUpdateTestView.swift in Sources */ = {isa = PBXBuildFile; fileRef = A78EA2482AB3255200CE227D /* SongUpdateTestView.swift */; };
		A78F4DAB2AB8664700AB010B /* Bad Guy.mp3 in Resources */ = {isa = PBXBuildFile; fileRef = A78F4D922AB8664100AB010B /* Bad Guy.mp3 */; };
		A78F4DAC2AB8664700AB010B /* Attention.mp3 in Resources */ = {isa = PBXBuildFile; fileRef = A78F4D932AB8664100AB010B /* Attention.mp3 */; };
		A78F4DAD2AB8664700AB010B /* The Real Slim Shady.mp3 in Resources */ = {isa = PBXBuildFile; fileRef = A78F4D942AB8664100AB010B /* The Real Slim Shady.mp3 */; };
		A78F4DAF2AB8664700AB010B /* Lose Yourself.mp3 in Resources */ = {isa = PBXBuildFile; fileRef = A78F4D962AB8664200AB010B /* Lose Yourself.mp3 */; };
		A78F4DB02AB8664700AB010B /* Light Switch.mp3 in Resources */ = {isa = PBXBuildFile; fileRef = A78F4D972AB8664200AB010B /* Light Switch.mp3 */; };
		A78F4DB12AB8664700AB010B /* Without Me.mp3 in Resources */ = {isa = PBXBuildFile; fileRef = A78F4D982AB8664300AB010B /* Without Me.mp3 */; };
		A78F4DB22AB8664700AB010B /* Vẽ Khói.mp3 in Resources */ = {isa = PBXBuildFile; fileRef = A78F4D992AB8664300AB010B /* Vẽ Khói.mp3 */; };
		A78F4DB32AB8664700AB010B /* Mockingbird.mp3 in Resources */ = {isa = PBXBuildFile; fileRef = A78F4D9A2AB8664300AB010B /* Mockingbird.mp3 */; };
		A78F4DB52AB8664700AB010B /* Cho Tôi Lang Thang.mp3 in Resources */ = {isa = PBXBuildFile; fileRef = A78F4D9C2AB8664300AB010B /* Cho Tôi Lang Thang.mp3 */; };
		A78F4DB62AB8664700AB010B /* Closer.mp3 in Resources */ = {isa = PBXBuildFile; fileRef = A78F4D9D2AB8664400AB010B /* Closer.mp3 */; };
		A78F4DB72AB8664700AB010B /* Mơ.mp3 in Resources */ = {isa = PBXBuildFile; fileRef = A78F4D9E2AB8664400AB010B /* Mơ.mp3 */; };
		A78F4DB82AB8664700AB010B /* Last Dance.mp3 in Resources */ = {isa = PBXBuildFile; fileRef = A78F4D9F2AB8664400AB010B /* Last Dance.mp3 */; };
		A78F4DB92AB8664700AB010B /* WANNABE.mp3 in Resources */ = {isa = PBXBuildFile; fileRef = A78F4DA02AB8664400AB010B /* WANNABE.mp3 */; };
		A78F4DBA2AB8664700AB010B /* Love Yourself.mp3 in Resources */ = {isa = PBXBuildFile; fileRef = A78F4DA12AB8664400AB010B /* Love Yourself.mp3 */; };
		A78F4DBB2AB8664700AB010B /* Leave the Door Open.mp3 in Resources */ = {isa = PBXBuildFile; fileRef = A78F4DA22AB8664500AB010B /* Leave the Door Open.mp3 */; };
		A78F4DBC2AB8664700AB010B /* LATATA.mp3 in Resources */ = {isa = PBXBuildFile; fileRef = A78F4DA32AB8664500AB010B /* LATATA.mp3 */; };
		A78F4DBD2AB8664700AB010B /* We Don't Talk Anymore.mp3 in Resources */ = {isa = PBXBuildFile; fileRef = A78F4DA42AB8664500AB010B /* We Don't Talk Anymore.mp3 */; };
		A78F4DBE2AB8664700AB010B /* Oh my god.mp3 in Resources */ = {isa = PBXBuildFile; fileRef = A78F4DA52AB8664600AB010B /* Oh my god.mp3 */; };
		A78F4DBF2AB8664700AB010B /* 24K Magic.mp3 in Resources */ = {isa = PBXBuildFile; fileRef = A78F4DA62AB8664600AB010B /* 24K Magic.mp3 */; };
		A78F4DC02AB8664700AB010B /* See You Again.mp3 in Resources */ = {isa = PBXBuildFile; fileRef = A78F4DA72AB8664600AB010B /* See You Again.mp3 */; };
		A78F4DC12AB8664700AB010B /* Sorry.mp3 in Resources */ = {isa = PBXBuildFile; fileRef = A78F4DA82AB8664600AB010B /* Sorry.mp3 */; };
		A78F4DC32AB8664700AB010B /* Roses.mp3 in Resources */ = {isa = PBXBuildFile; fileRef = A78F4DAA2AB8664700AB010B /* Roses.mp3 */; };
		A7C6FE502ABAE3DE0068C417 /* GoogleService-Info.plist in Resources */ = {isa = PBXBuildFile; fileRef = A7C6FE4F2ABAE3DE0068C417 /* GoogleService-Info.plist */; };
		A7C6FE532ABAE4650068C417 /* category.json in Resources */ = {isa = PBXBuildFile; fileRef = A7C6FE522ABAE4650068C417 /* category.json */; };
		A7C6FE552ABAE4910068C417 /* ModelData.swift in Sources */ = {isa = PBXBuildFile; fileRef = A7C6FE542ABAE4910068C417 /* ModelData.swift */; };
		A7C6FE572ABAE4CE0068C417 /* Category.swift in Sources */ = {isa = PBXBuildFile; fileRef = A7C6FE562ABAE4CE0068C417 /* Category.swift */; };
		EA3B46E12AB04A5500BDF587 /* TunexaApp.swift in Sources */ = {isa = PBXBuildFile; fileRef = EA3B46E02AB04A5500BDF587 /* TunexaApp.swift */; };
		EA3B46E32AB04A5500BDF587 /* ContentView.swift in Sources */ = {isa = PBXBuildFile; fileRef = EA3B46E22AB04A5500BDF587 /* ContentView.swift */; };
		EA3B46E52AB04A5700BDF587 /* Assets.xcassets in Resources */ = {isa = PBXBuildFile; fileRef = EA3B46E42AB04A5700BDF587 /* Assets.xcassets */; };
		EA3B46E92AB04A5700BDF587 /* Preview Assets.xcassets in Resources */ = {isa = PBXBuildFile; fileRef = EA3B46E82AB04A5700BDF587 /* Preview Assets.xcassets */; };
		EA3B46F32AB04A5700BDF587 /* TunexaTests.swift in Sources */ = {isa = PBXBuildFile; fileRef = EA3B46F22AB04A5700BDF587 /* TunexaTests.swift */; };
		EA3B46FD2AB04A5700BDF587 /* TunexaUITests.swift in Sources */ = {isa = PBXBuildFile; fileRef = EA3B46FC2AB04A5700BDF587 /* TunexaUITests.swift */; };
		EA3B46FF2AB04A5700BDF587 /* TunexaUITestsLaunchTests.swift in Sources */ = {isa = PBXBuildFile; fileRef = EA3B46FE2AB04A5700BDF587 /* TunexaUITestsLaunchTests.swift */; };
/* End PBXBuildFile section */

/* Begin PBXContainerItemProxy section */
		EA3B46EF2AB04A5700BDF587 /* PBXContainerItemProxy */ = {
			isa = PBXContainerItemProxy;
			containerPortal = EA3B46D52AB04A5500BDF587 /* Project object */;
			proxyType = 1;
			remoteGlobalIDString = EA3B46DC2AB04A5500BDF587;
			remoteInfo = Tunexa;
		};
		EA3B46F92AB04A5700BDF587 /* PBXContainerItemProxy */ = {
			isa = PBXContainerItemProxy;
			containerPortal = EA3B46D52AB04A5500BDF587 /* Project object */;
			proxyType = 1;
			remoteGlobalIDString = EA3B46DC2AB04A5500BDF587;
			remoteInfo = Tunexa;
		};
/* End PBXContainerItemProxy section */

/* Begin PBXFileReference section */
		98ACBB852ABA1818009A193D /* Cô Gái Bàn Bên.mp3 */ = {isa = PBXFileReference; lastKnownFileType = audio.mp3; path = "Cô Gái Bàn Bên.mp3"; sourceTree = "<group>"; };
		98ACBB862ABA1818009A193D /* Ghé-Thăm.mp3 */ = {isa = PBXFileReference; lastKnownFileType = audio.mp3; path = "Ghé-Thăm.mp3"; sourceTree = "<group>"; };
		98ACBB872ABA1818009A193D /* Stay.mp3 */ = {isa = PBXFileReference; lastKnownFileType = audio.mp3; path = Stay.mp3; sourceTree = "<group>"; };
		98B9761A2AB04F8B00515EA4 /* Modifiers.swift */ = {isa = PBXFileReference; lastKnownFileType = sourcecode.swift; path = Modifiers.swift; sourceTree = "<group>"; };
		98B9761C2AB04F9900515EA4 /* PlaySound.swift */ = {isa = PBXFileReference; lastKnownFileType = sourcecode.swift; path = PlaySound.swift; sourceTree = "<group>"; };
		98B9761E2AB04FA400515EA4 /* Utilities.swift */ = {isa = PBXFileReference; lastKnownFileType = sourcecode.swift; path = Utilities.swift; sourceTree = "<group>"; };
		98B976222AB04FC500515EA4 /* SongRow.swift */ = {isa = PBXFileReference; lastKnownFileType = sourcecode.swift; path = SongRow.swift; sourceTree = "<group>"; };
		98B976242AB04FCC00515EA4 /* SongCard.swift */ = {isa = PBXFileReference; lastKnownFileType = sourcecode.swift; path = SongCard.swift; sourceTree = "<group>"; };
		98B976262AB04FD800515EA4 /* DashBoardView.swift */ = {isa = PBXFileReference; lastKnownFileType = sourcecode.swift; path = DashBoardView.swift; sourceTree = "<group>"; };
		98B976282AB04FEE00515EA4 /* SplashView.swift */ = {isa = PBXFileReference; lastKnownFileType = sourcecode.swift; path = SplashView.swift; sourceTree = "<group>"; };
		98B9762B2AB0501700515EA4 /* Icon.swift */ = {isa = PBXFileReference; lastKnownFileType = sourcecode.swift; path = Icon.swift; sourceTree = "<group>"; };
		98B976352AB0555900515EA4 /* LogInView.swift */ = {isa = PBXFileReference; lastKnownFileType = sourcecode.swift; path = LogInView.swift; sourceTree = "<group>"; };
		98B976372AB0556000515EA4 /* SignUpView.swift */ = {isa = PBXFileReference; lastKnownFileType = sourcecode.swift; path = SignUpView.swift; sourceTree = "<group>"; };
		A72B64D82AB59FA600A2A16A /* Song.swift */ = {isa = PBXFileReference; lastKnownFileType = sourcecode.swift; path = Song.swift; sourceTree = "<group>"; };
		A72B64E92AB5ABE800A2A16A /* SongCardTestView.swift */ = {isa = PBXFileReference; lastKnownFileType = sourcecode.swift; path = SongCardTestView.swift; sourceTree = "<group>"; };
		A77D88ED2AB17E800028475C /* SongTestView.swift */ = {isa = PBXFileReference; lastKnownFileType = sourcecode.swift; path = SongTestView.swift; sourceTree = "<group>"; };
		A77D88F72AB18EB30028475C /* SongViewModel.swift */ = {isa = PBXFileReference; lastKnownFileType = sourcecode.swift; path = SongViewModel.swift; sourceTree = "<group>"; };
		A78EA2482AB3255200CE227D /* SongUpdateTestView.swift */ = {isa = PBXFileReference; lastKnownFileType = sourcecode.swift; path = SongUpdateTestView.swift; sourceTree = "<group>"; };
		A78F4D922AB8664100AB010B /* Bad Guy.mp3 */ = {isa = PBXFileReference; lastKnownFileType = audio.mp3; path = "Bad Guy.mp3"; sourceTree = "<group>"; };
		A78F4D932AB8664100AB010B /* Attention.mp3 */ = {isa = PBXFileReference; lastKnownFileType = audio.mp3; path = Attention.mp3; sourceTree = "<group>"; };
		A78F4D942AB8664100AB010B /* The Real Slim Shady.mp3 */ = {isa = PBXFileReference; lastKnownFileType = audio.mp3; path = "The Real Slim Shady.mp3"; sourceTree = "<group>"; };
		A78F4D962AB8664200AB010B /* Lose Yourself.mp3 */ = {isa = PBXFileReference; lastKnownFileType = audio.mp3; path = "Lose Yourself.mp3"; sourceTree = "<group>"; };
		A78F4D972AB8664200AB010B /* Light Switch.mp3 */ = {isa = PBXFileReference; lastKnownFileType = audio.mp3; path = "Light Switch.mp3"; sourceTree = "<group>"; };
		A78F4D982AB8664300AB010B /* Without Me.mp3 */ = {isa = PBXFileReference; lastKnownFileType = audio.mp3; path = "Without Me.mp3"; sourceTree = "<group>"; };
		A78F4D992AB8664300AB010B /* Vẽ Khói.mp3 */ = {isa = PBXFileReference; lastKnownFileType = audio.mp3; path = "Vẽ Khói.mp3"; sourceTree = "<group>"; };
		A78F4D9A2AB8664300AB010B /* Mockingbird.mp3 */ = {isa = PBXFileReference; lastKnownFileType = audio.mp3; path = Mockingbird.mp3; sourceTree = "<group>"; };
		A78F4D9C2AB8664300AB010B /* Cho Tôi Lang Thang.mp3 */ = {isa = PBXFileReference; lastKnownFileType = audio.mp3; path = "Cho Tôi Lang Thang.mp3"; sourceTree = "<group>"; };
		A78F4D9D2AB8664400AB010B /* Closer.mp3 */ = {isa = PBXFileReference; lastKnownFileType = audio.mp3; path = Closer.mp3; sourceTree = "<group>"; };
		A78F4D9E2AB8664400AB010B /* Mơ.mp3 */ = {isa = PBXFileReference; lastKnownFileType = audio.mp3; path = "Mơ.mp3"; sourceTree = "<group>"; };
		A78F4D9F2AB8664400AB010B /* Last Dance.mp3 */ = {isa = PBXFileReference; lastKnownFileType = audio.mp3; path = "Last Dance.mp3"; sourceTree = "<group>"; };
		A78F4DA02AB8664400AB010B /* WANNABE.mp3 */ = {isa = PBXFileReference; lastKnownFileType = audio.mp3; path = WANNABE.mp3; sourceTree = "<group>"; };
		A78F4DA12AB8664400AB010B /* Love Yourself.mp3 */ = {isa = PBXFileReference; lastKnownFileType = audio.mp3; path = "Love Yourself.mp3"; sourceTree = "<group>"; };
		A78F4DA22AB8664500AB010B /* Leave the Door Open.mp3 */ = {isa = PBXFileReference; lastKnownFileType = audio.mp3; path = "Leave the Door Open.mp3"; sourceTree = "<group>"; };
		A78F4DA32AB8664500AB010B /* LATATA.mp3 */ = {isa = PBXFileReference; lastKnownFileType = audio.mp3; path = LATATA.mp3; sourceTree = "<group>"; };
		A78F4DA42AB8664500AB010B /* We Don't Talk Anymore.mp3 */ = {isa = PBXFileReference; lastKnownFileType = audio.mp3; path = "We Don't Talk Anymore.mp3"; sourceTree = "<group>"; };
		A78F4DA52AB8664600AB010B /* Oh my god.mp3 */ = {isa = PBXFileReference; lastKnownFileType = audio.mp3; path = "Oh my god.mp3"; sourceTree = "<group>"; };
		A78F4DA62AB8664600AB010B /* 24K Magic.mp3 */ = {isa = PBXFileReference; lastKnownFileType = audio.mp3; path = "24K Magic.mp3"; sourceTree = "<group>"; };
		A78F4DA72AB8664600AB010B /* See You Again.mp3 */ = {isa = PBXFileReference; lastKnownFileType = audio.mp3; path = "See You Again.mp3"; sourceTree = "<group>"; };
		A78F4DA82AB8664600AB010B /* Sorry.mp3 */ = {isa = PBXFileReference; lastKnownFileType = audio.mp3; path = Sorry.mp3; sourceTree = "<group>"; };
		A78F4DAA2AB8664700AB010B /* Roses.mp3 */ = {isa = PBXFileReference; lastKnownFileType = audio.mp3; path = Roses.mp3; sourceTree = "<group>"; };
		A7C6FE4F2ABAE3DE0068C417 /* GoogleService-Info.plist */ = {isa = PBXFileReference; fileEncoding = 4; lastKnownFileType = text.plist.xml; name = "GoogleService-Info.plist"; path = "../../../Desktop/Tunexa/Tunexa/GoogleService-Info.plist"; sourceTree = "<group>"; };
		A7C6FE522ABAE4650068C417 /* category.json */ = {isa = PBXFileReference; fileEncoding = 4; lastKnownFileType = text.json; path = category.json; sourceTree = "<group>"; };
		A7C6FE542ABAE4910068C417 /* ModelData.swift */ = {isa = PBXFileReference; fileEncoding = 4; lastKnownFileType = sourcecode.swift; path = ModelData.swift; sourceTree = "<group>"; };
		A7C6FE562ABAE4CE0068C417 /* Category.swift */ = {isa = PBXFileReference; fileEncoding = 4; lastKnownFileType = sourcecode.swift; path = Category.swift; sourceTree = "<group>"; };
		EA3B46DD2AB04A5500BDF587 /* Tunexa.app */ = {isa = PBXFileReference; explicitFileType = wrapper.application; includeInIndex = 0; path = Tunexa.app; sourceTree = BUILT_PRODUCTS_DIR; };
		EA3B46E02AB04A5500BDF587 /* TunexaApp.swift */ = {isa = PBXFileReference; lastKnownFileType = sourcecode.swift; path = TunexaApp.swift; sourceTree = "<group>"; };
		EA3B46E22AB04A5500BDF587 /* ContentView.swift */ = {isa = PBXFileReference; lastKnownFileType = sourcecode.swift; path = ContentView.swift; sourceTree = "<group>"; };
		EA3B46E42AB04A5700BDF587 /* Assets.xcassets */ = {isa = PBXFileReference; lastKnownFileType = folder.assetcatalog; path = Assets.xcassets; sourceTree = "<group>"; };
		EA3B46E62AB04A5700BDF587 /* Tunexa.entitlements */ = {isa = PBXFileReference; lastKnownFileType = text.plist.entitlements; path = Tunexa.entitlements; sourceTree = "<group>"; };
		EA3B46E82AB04A5700BDF587 /* Preview Assets.xcassets */ = {isa = PBXFileReference; lastKnownFileType = folder.assetcatalog; path = "Preview Assets.xcassets"; sourceTree = "<group>"; };
		EA3B46EE2AB04A5700BDF587 /* TunexaTests.xctest */ = {isa = PBXFileReference; explicitFileType = wrapper.cfbundle; includeInIndex = 0; path = TunexaTests.xctest; sourceTree = BUILT_PRODUCTS_DIR; };
		EA3B46F22AB04A5700BDF587 /* TunexaTests.swift */ = {isa = PBXFileReference; lastKnownFileType = sourcecode.swift; path = TunexaTests.swift; sourceTree = "<group>"; };
		EA3B46F82AB04A5700BDF587 /* TunexaUITests.xctest */ = {isa = PBXFileReference; explicitFileType = wrapper.cfbundle; includeInIndex = 0; path = TunexaUITests.xctest; sourceTree = BUILT_PRODUCTS_DIR; };
		EA3B46FC2AB04A5700BDF587 /* TunexaUITests.swift */ = {isa = PBXFileReference; lastKnownFileType = sourcecode.swift; path = TunexaUITests.swift; sourceTree = "<group>"; };
		EA3B46FE2AB04A5700BDF587 /* TunexaUITestsLaunchTests.swift */ = {isa = PBXFileReference; lastKnownFileType = sourcecode.swift; path = TunexaUITestsLaunchTests.swift; sourceTree = "<group>"; };
/* End PBXFileReference section */

/* Begin PBXFrameworksBuildPhase section */
		EA3B46DA2AB04A5500BDF587 /* Frameworks */ = {
			isa = PBXFrameworksBuildPhase;
			buildActionMask = 2147483647;
			files = (
				A7368FFD2AB1701B0064C531 /* FirebaseFirestoreCombine-Community in Frameworks */,
				A7368FF92AB1701B0064C531 /* FirebaseAuth in Frameworks */,
				A7368FFB2AB1701B0064C531 /* FirebaseFirestore in Frameworks */,
				A73690012AB1701B0064C531 /* FirebaseStorage in Frameworks */,
				A73690032AB1701B0064C531 /* FirebaseStorageCombine-Community in Frameworks */,
				A7368FFF2AB1701B0064C531 /* FirebaseFirestoreSwift in Frameworks */,
			);
			runOnlyForDeploymentPostprocessing = 0;
		};
		EA3B46EB2AB04A5700BDF587 /* Frameworks */ = {
			isa = PBXFrameworksBuildPhase;
			buildActionMask = 2147483647;
			files = (
			);
			runOnlyForDeploymentPostprocessing = 0;
		};
		EA3B46F52AB04A5700BDF587 /* Frameworks */ = {
			isa = PBXFrameworksBuildPhase;
			buildActionMask = 2147483647;
			files = (
			);
			runOnlyForDeploymentPostprocessing = 0;
		};
/* End PBXFrameworksBuildPhase section */

/* Begin PBXGroup section */
		98B976162AB04F4C00515EA4 /* View */ = {
			isa = PBXGroup;
			children = (
				EA3B46E22AB04A5500BDF587 /* ContentView.swift */,
				98B976262AB04FD800515EA4 /* DashBoardView.swift */,
				98B976282AB04FEE00515EA4 /* SplashView.swift */,
				98B976372AB0556000515EA4 /* SignUpView.swift */,
				98B976352AB0555900515EA4 /* LogInView.swift */,
				A77D88ED2AB17E800028475C /* SongTestView.swift */,
				A78EA2482AB3255200CE227D /* SongUpdateTestView.swift */,
			);
			path = View;
			sourceTree = "<group>";
		};
		98B976172AB04F5000515EA4 /* ViewModel */ = {
			isa = PBXGroup;
			children = (
			);
			path = ViewModel;
			sourceTree = "<group>";
		};
		98B976192AB04F7200515EA4 /* Helpers */ = {
			isa = PBXGroup;
			children = (
				98B9761A2AB04F8B00515EA4 /* Modifiers.swift */,
				98B9761C2AB04F9900515EA4 /* PlaySound.swift */,
				98B9761E2AB04FA400515EA4 /* Utilities.swift */,
				A7C6FE542ABAE4910068C417 /* ModelData.swift */,
			);
			path = Helpers;
			sourceTree = "<group>";
		};
		98B976202AB04FAB00515EA4 /* Components */ = {
			isa = PBXGroup;
			children = (
				98B9762A2AB0500C00515EA4 /* General */,
				98B976212AB04FB800515EA4 /* DashBoard */,
			);
			path = Components;
			sourceTree = "<group>";
		};
		98B976212AB04FB800515EA4 /* DashBoard */ = {
			isa = PBXGroup;
			children = (
				98B976222AB04FC500515EA4 /* SongRow.swift */,
				98B976242AB04FCC00515EA4 /* SongCard.swift */,
				A72B64E92AB5ABE800A2A16A /* SongCardTestView.swift */,
			);
			path = DashBoard;
			sourceTree = "<group>";
		};
		98B9762A2AB0500C00515EA4 /* General */ = {
			isa = PBXGroup;
			children = (
				98B9762B2AB0501700515EA4 /* Icon.swift */,
			);
			path = General;
			sourceTree = "<group>";
		};
		A72B64D72AB59F9A00A2A16A /* Model */ = {
			isa = PBXGroup;
			children = (
				A7C6FE562ABAE4CE0068C417 /* Category.swift */,
				A72B64D82AB59FA600A2A16A /* Song.swift */,
			);
			path = Model;
			sourceTree = "<group>";
		};
		A72B64E42AB5A6D700A2A16A /* Sounds */ = {
			isa = PBXGroup;
			children = (
				98ACBB852ABA1818009A193D /* Cô Gái Bàn Bên.mp3 */,
				98ACBB862ABA1818009A193D /* Ghé-Thăm.mp3 */,
				98ACBB872ABA1818009A193D /* Stay.mp3 */,
				A78F4DA62AB8664600AB010B /* 24K Magic.mp3 */,
				A78F4D932AB8664100AB010B /* Attention.mp3 */,
				A78F4D922AB8664100AB010B /* Bad Guy.mp3 */,
				A78F4D9C2AB8664300AB010B /* Cho Tôi Lang Thang.mp3 */,
				A78F4D9D2AB8664400AB010B /* Closer.mp3 */,
				A78F4D9F2AB8664400AB010B /* Last Dance.mp3 */,
				A78F4DA32AB8664500AB010B /* LATATA.mp3 */,
				A78F4DA22AB8664500AB010B /* Leave the Door Open.mp3 */,
				A78F4D972AB8664200AB010B /* Light Switch.mp3 */,
				A78F4D962AB8664200AB010B /* Lose Yourself.mp3 */,
				A78F4DA12AB8664400AB010B /* Love Yourself.mp3 */,
				A78F4D9E2AB8664400AB010B /* Mơ.mp3 */,
				A78F4D9A2AB8664300AB010B /* Mockingbird.mp3 */,
				A78F4DA52AB8664600AB010B /* Oh my god.mp3 */,
				A78F4DAA2AB8664700AB010B /* Roses.mp3 */,
				A78F4DA72AB8664600AB010B /* See You Again.mp3 */,
				A78F4DA82AB8664600AB010B /* Sorry.mp3 */,
				A78F4D942AB8664100AB010B /* The Real Slim Shady.mp3 */,
				A78F4D992AB8664300AB010B /* Vẽ Khói.mp3 */,
				A78F4DA02AB8664400AB010B /* WANNABE.mp3 */,
				A78F4DA42AB8664500AB010B /* We Don't Talk Anymore.mp3 */,
				A78F4D982AB8664300AB010B /* Without Me.mp3 */,
			);
			path = Sounds;
			sourceTree = "<group>";
		};
		A77D88E82AB17B280028475C /* ViewModel */ = {
			isa = PBXGroup;
			children = (
				A77D88F72AB18EB30028475C /* SongViewModel.swift */,
			);
			path = ViewModel;
			sourceTree = "<group>";
		};
		A7C6FE512ABAE45A0068C417 /* Data */ = {
			isa = PBXGroup;
			children = (
				A7C6FE522ABAE4650068C417 /* category.json */,
			);
			path = Data;
			sourceTree = "<group>";
		};
		A7DA656C2AB99AB7003B40DF /* Frameworks */ = {
			isa = PBXGroup;
			children = (
			);
			name = Frameworks;
			sourceTree = "<group>";
		};
		EA3B46D42AB04A5500BDF587 = {
			isa = PBXGroup;
			children = (
				EA3B46DF2AB04A5500BDF587 /* Tunexa */,
				EA3B46F12AB04A5700BDF587 /* TunexaTests */,
				EA3B46FB2AB04A5700BDF587 /* TunexaUITests */,
				EA3B46DE2AB04A5500BDF587 /* Products */,
				A7DA656C2AB99AB7003B40DF /* Frameworks */,
			);
			sourceTree = "<group>";
		};
		EA3B46DE2AB04A5500BDF587 /* Products */ = {
			isa = PBXGroup;
			children = (
				EA3B46DD2AB04A5500BDF587 /* Tunexa.app */,
				EA3B46EE2AB04A5700BDF587 /* TunexaTests.xctest */,
				EA3B46F82AB04A5700BDF587 /* TunexaUITests.xctest */,
			);
			name = Products;
			sourceTree = "<group>";
		};
		EA3B46DF2AB04A5500BDF587 /* Tunexa */ = {
			isa = PBXGroup;
			children = (
				A7C6FE512ABAE45A0068C417 /* Data */,
				A7C6FE4F2ABAE3DE0068C417 /* GoogleService-Info.plist */,
				A72B64E42AB5A6D700A2A16A /* Sounds */,
				A72B64D72AB59F9A00A2A16A /* Model */,
				A77D88E82AB17B280028475C /* ViewModel */,
				98B976162AB04F4C00515EA4 /* View */,
				98B976172AB04F5000515EA4 /* ViewModel */,
				98B976202AB04FAB00515EA4 /* Components */,
				98B976192AB04F7200515EA4 /* Helpers */,
				EA3B46E02AB04A5500BDF587 /* TunexaApp.swift */,
				EA3B46E42AB04A5700BDF587 /* Assets.xcassets */,
				EA3B46E62AB04A5700BDF587 /* Tunexa.entitlements */,
				EA3B46E72AB04A5700BDF587 /* Preview Content */,
			);
			path = Tunexa;
			sourceTree = "<group>";
		};
		EA3B46E72AB04A5700BDF587 /* Preview Content */ = {
			isa = PBXGroup;
			children = (
				EA3B46E82AB04A5700BDF587 /* Preview Assets.xcassets */,
			);
			path = "Preview Content";
			sourceTree = "<group>";
		};
		EA3B46F12AB04A5700BDF587 /* TunexaTests */ = {
			isa = PBXGroup;
			children = (
				EA3B46F22AB04A5700BDF587 /* TunexaTests.swift */,
			);
			path = TunexaTests;
			sourceTree = "<group>";
		};
		EA3B46FB2AB04A5700BDF587 /* TunexaUITests */ = {
			isa = PBXGroup;
			children = (
				EA3B46FC2AB04A5700BDF587 /* TunexaUITests.swift */,
				EA3B46FE2AB04A5700BDF587 /* TunexaUITestsLaunchTests.swift */,
			);
			path = TunexaUITests;
			sourceTree = "<group>";
		};
/* End PBXGroup section */

/* Begin PBXNativeTarget section */
		EA3B46DC2AB04A5500BDF587 /* Tunexa */ = {
			isa = PBXNativeTarget;
			buildConfigurationList = EA3B47022AB04A5700BDF587 /* Build configuration list for PBXNativeTarget "Tunexa" */;
			buildPhases = (
				EA3B46D92AB04A5500BDF587 /* Sources */,
				EA3B46DA2AB04A5500BDF587 /* Frameworks */,
				EA3B46DB2AB04A5500BDF587 /* Resources */,
			);
			buildRules = (
			);
			dependencies = (
			);
			name = Tunexa;
			packageProductDependencies = (
				A7368FF82AB1701B0064C531 /* FirebaseAuth */,
				A7368FFA2AB1701B0064C531 /* FirebaseFirestore */,
				A7368FFC2AB1701B0064C531 /* FirebaseFirestoreCombine-Community */,
				A7368FFE2AB1701B0064C531 /* FirebaseFirestoreSwift */,
				A73690002AB1701B0064C531 /* FirebaseStorage */,
				A73690022AB1701B0064C531 /* FirebaseStorageCombine-Community */,
			);
			productName = Tunexa;
			productReference = EA3B46DD2AB04A5500BDF587 /* Tunexa.app */;
			productType = "com.apple.product-type.application";
		};
		EA3B46ED2AB04A5700BDF587 /* TunexaTests */ = {
			isa = PBXNativeTarget;
			buildConfigurationList = EA3B47052AB04A5700BDF587 /* Build configuration list for PBXNativeTarget "TunexaTests" */;
			buildPhases = (
				EA3B46EA2AB04A5700BDF587 /* Sources */,
				EA3B46EB2AB04A5700BDF587 /* Frameworks */,
				EA3B46EC2AB04A5700BDF587 /* Resources */,
			);
			buildRules = (
			);
			dependencies = (
				EA3B46F02AB04A5700BDF587 /* PBXTargetDependency */,
			);
			name = TunexaTests;
			productName = TunexaTests;
			productReference = EA3B46EE2AB04A5700BDF587 /* TunexaTests.xctest */;
			productType = "com.apple.product-type.bundle.unit-test";
		};
		EA3B46F72AB04A5700BDF587 /* TunexaUITests */ = {
			isa = PBXNativeTarget;
			buildConfigurationList = EA3B47082AB04A5700BDF587 /* Build configuration list for PBXNativeTarget "TunexaUITests" */;
			buildPhases = (
				EA3B46F42AB04A5700BDF587 /* Sources */,
				EA3B46F52AB04A5700BDF587 /* Frameworks */,
				EA3B46F62AB04A5700BDF587 /* Resources */,
			);
			buildRules = (
			);
			dependencies = (
				EA3B46FA2AB04A5700BDF587 /* PBXTargetDependency */,
			);
			name = TunexaUITests;
			productName = TunexaUITests;
			productReference = EA3B46F82AB04A5700BDF587 /* TunexaUITests.xctest */;
			productType = "com.apple.product-type.bundle.ui-testing";
		};
/* End PBXNativeTarget section */

/* Begin PBXProject section */
		EA3B46D52AB04A5500BDF587 /* Project object */ = {
			isa = PBXProject;
			attributes = {
				BuildIndependentTargetsInParallel = 1;
				LastSwiftUpdateCheck = 1430;
				LastUpgradeCheck = 1430;
				TargetAttributes = {
					EA3B46DC2AB04A5500BDF587 = {
						CreatedOnToolsVersion = 14.3.1;
					};
					EA3B46ED2AB04A5700BDF587 = {
						CreatedOnToolsVersion = 14.3.1;
						TestTargetID = EA3B46DC2AB04A5500BDF587;
					};
					EA3B46F72AB04A5700BDF587 = {
						CreatedOnToolsVersion = 14.3.1;
						TestTargetID = EA3B46DC2AB04A5500BDF587;
					};
				};
			};
			buildConfigurationList = EA3B46D82AB04A5500BDF587 /* Build configuration list for PBXProject "Tunexa" */;
			compatibilityVersion = "Xcode 14.0";
			developmentRegion = en;
			hasScannedForEncodings = 0;
			knownRegions = (
				en,
				Base,
			);
			mainGroup = EA3B46D42AB04A5500BDF587;
			packageReferences = (
				A7368FF72AB1701B0064C531 /* XCRemoteSwiftPackageReference "firebase-ios-sdk" */,
			);
			productRefGroup = EA3B46DE2AB04A5500BDF587 /* Products */;
			projectDirPath = "";
			projectRoot = "";
			targets = (
				EA3B46DC2AB04A5500BDF587 /* Tunexa */,
				EA3B46ED2AB04A5700BDF587 /* TunexaTests */,
				EA3B46F72AB04A5700BDF587 /* TunexaUITests */,
			);
		};
/* End PBXProject section */

/* Begin PBXResourcesBuildPhase section */
		EA3B46DB2AB04A5500BDF587 /* Resources */ = {
			isa = PBXResourcesBuildPhase;
			buildActionMask = 2147483647;
			files = (
				A78F4DB22AB8664700AB010B /* Vẽ Khói.mp3 in Resources */,
				A78F4DB92AB8664700AB010B /* WANNABE.mp3 in Resources */,
				A78F4DBE2AB8664700AB010B /* Oh my god.mp3 in Resources */,
				A78F4DBF2AB8664700AB010B /* 24K Magic.mp3 in Resources */,
				A7C6FE502ABAE3DE0068C417 /* GoogleService-Info.plist in Resources */,
				A78F4DB52AB8664700AB010B /* Cho Tôi Lang Thang.mp3 in Resources */,
				A78F4DB02AB8664700AB010B /* Light Switch.mp3 in Resources */,
				A78F4DAD2AB8664700AB010B /* The Real Slim Shady.mp3 in Resources */,
				A78F4DB12AB8664700AB010B /* Without Me.mp3 in Resources */,
				A78F4DBD2AB8664700AB010B /* We Don't Talk Anymore.mp3 in Resources */,
				A78F4DB32AB8664700AB010B /* Mockingbird.mp3 in Resources */,
				EA3B46E92AB04A5700BDF587 /* Preview Assets.xcassets in Resources */,
				A78F4DAF2AB8664700AB010B /* Lose Yourself.mp3 in Resources */,
				98ACBB8A2ABA1818009A193D /* Stay.mp3 in Resources */,
				A78F4DAC2AB8664700AB010B /* Attention.mp3 in Resources */,
				A78F4DC12AB8664700AB010B /* Sorry.mp3 in Resources */,
				A7C6FE532ABAE4650068C417 /* category.json in Resources */,
				A78F4DBC2AB8664700AB010B /* LATATA.mp3 in Resources */,
				98ACBB892ABA1818009A193D /* Ghé-Thăm.mp3 in Resources */,
				A78F4DC32AB8664700AB010B /* Roses.mp3 in Resources */,
				A78F4DB72AB8664700AB010B /* Mơ.mp3 in Resources */,
				A78F4DBA2AB8664700AB010B /* Love Yourself.mp3 in Resources */,
				98ACBB882ABA1818009A193D /* Cô Gái Bàn Bên.mp3 in Resources */,
				A78F4DB62AB8664700AB010B /* Closer.mp3 in Resources */,
				A78F4DB82AB8664700AB010B /* Last Dance.mp3 in Resources */,
				A78F4DC02AB8664700AB010B /* See You Again.mp3 in Resources */,
				EA3B46E52AB04A5700BDF587 /* Assets.xcassets in Resources */,
				A78F4DAB2AB8664700AB010B /* Bad Guy.mp3 in Resources */,
				A78F4DBB2AB8664700AB010B /* Leave the Door Open.mp3 in Resources */,
			);
			runOnlyForDeploymentPostprocessing = 0;
		};
		EA3B46EC2AB04A5700BDF587 /* Resources */ = {
			isa = PBXResourcesBuildPhase;
			buildActionMask = 2147483647;
			files = (
			);
			runOnlyForDeploymentPostprocessing = 0;
		};
		EA3B46F62AB04A5700BDF587 /* Resources */ = {
			isa = PBXResourcesBuildPhase;
			buildActionMask = 2147483647;
			files = (
			);
			runOnlyForDeploymentPostprocessing = 0;
		};
/* End PBXResourcesBuildPhase section */

/* Begin PBXSourcesBuildPhase section */
		EA3B46D92AB04A5500BDF587 /* Sources */ = {
			isa = PBXSourcesBuildPhase;
			buildActionMask = 2147483647;
			files = (
				98B976292AB04FEE00515EA4 /* SplashView.swift in Sources */,
				A77D88F82AB18EB30028475C /* SongViewModel.swift in Sources */,
				A7C6FE572ABAE4CE0068C417 /* Category.swift in Sources */,
				EA3B46E32AB04A5500BDF587 /* ContentView.swift in Sources */,
				A72B64EA2AB5ABE800A2A16A /* SongCardTestView.swift in Sources */,
				98B976272AB04FD800515EA4 /* DashBoardView.swift in Sources */,
				98B976232AB04FC500515EA4 /* SongRow.swift in Sources */,
				98B976382AB0556000515EA4 /* SignUpView.swift in Sources */,
				98B976252AB04FCC00515EA4 /* SongCard.swift in Sources */,
				98B9761D2AB04F9900515EA4 /* PlaySound.swift in Sources */,
				A78EA2492AB3255200CE227D /* SongUpdateTestView.swift in Sources */,
				98B9761B2AB04F8B00515EA4 /* Modifiers.swift in Sources */,
				A7C6FE552ABAE4910068C417 /* ModelData.swift in Sources */,
				A77D88EE2AB17E800028475C /* SongTestView.swift in Sources */,
				98B9761F2AB04FA400515EA4 /* Utilities.swift in Sources */,
				A72B64D92AB59FA600A2A16A /* Song.swift in Sources */,
				98B976362AB0555900515EA4 /* LogInView.swift in Sources */,
				98B9762C2AB0501700515EA4 /* Icon.swift in Sources */,
				EA3B46E12AB04A5500BDF587 /* TunexaApp.swift in Sources */,
			);
			runOnlyForDeploymentPostprocessing = 0;
		};
		EA3B46EA2AB04A5700BDF587 /* Sources */ = {
			isa = PBXSourcesBuildPhase;
			buildActionMask = 2147483647;
			files = (
				EA3B46F32AB04A5700BDF587 /* TunexaTests.swift in Sources */,
			);
			runOnlyForDeploymentPostprocessing = 0;
		};
		EA3B46F42AB04A5700BDF587 /* Sources */ = {
			isa = PBXSourcesBuildPhase;
			buildActionMask = 2147483647;
			files = (
				EA3B46FD2AB04A5700BDF587 /* TunexaUITests.swift in Sources */,
				EA3B46FF2AB04A5700BDF587 /* TunexaUITestsLaunchTests.swift in Sources */,
			);
			runOnlyForDeploymentPostprocessing = 0;
		};
/* End PBXSourcesBuildPhase section */

/* Begin PBXTargetDependency section */
		EA3B46F02AB04A5700BDF587 /* PBXTargetDependency */ = {
			isa = PBXTargetDependency;
			target = EA3B46DC2AB04A5500BDF587 /* Tunexa */;
			targetProxy = EA3B46EF2AB04A5700BDF587 /* PBXContainerItemProxy */;
		};
		EA3B46FA2AB04A5700BDF587 /* PBXTargetDependency */ = {
			isa = PBXTargetDependency;
			target = EA3B46DC2AB04A5500BDF587 /* Tunexa */;
			targetProxy = EA3B46F92AB04A5700BDF587 /* PBXContainerItemProxy */;
		};
/* End PBXTargetDependency section */

/* Begin XCBuildConfiguration section */
		EA3B47002AB04A5700BDF587 /* Debug */ = {
			isa = XCBuildConfiguration;
			buildSettings = {
				ALWAYS_SEARCH_USER_PATHS = NO;
				CLANG_ANALYZER_NONNULL = YES;
				CLANG_ANALYZER_NUMBER_OBJECT_CONVERSION = YES_AGGRESSIVE;
				CLANG_CXX_LANGUAGE_STANDARD = "gnu++20";
				CLANG_ENABLE_MODULES = YES;
				CLANG_ENABLE_OBJC_ARC = YES;
				CLANG_ENABLE_OBJC_WEAK = YES;
				CLANG_WARN_BLOCK_CAPTURE_AUTORELEASING = YES;
				CLANG_WARN_BOOL_CONVERSION = YES;
				CLANG_WARN_COMMA = YES;
				CLANG_WARN_CONSTANT_CONVERSION = YES;
				CLANG_WARN_DEPRECATED_OBJC_IMPLEMENTATIONS = YES;
				CLANG_WARN_DIRECT_OBJC_ISA_USAGE = YES_ERROR;
				CLANG_WARN_DOCUMENTATION_COMMENTS = YES;
				CLANG_WARN_EMPTY_BODY = YES;
				CLANG_WARN_ENUM_CONVERSION = YES;
				CLANG_WARN_INFINITE_RECURSION = YES;
				CLANG_WARN_INT_CONVERSION = YES;
				CLANG_WARN_NON_LITERAL_NULL_CONVERSION = YES;
				CLANG_WARN_OBJC_IMPLICIT_RETAIN_SELF = YES;
				CLANG_WARN_OBJC_LITERAL_CONVERSION = YES;
				CLANG_WARN_OBJC_ROOT_CLASS = YES_ERROR;
				CLANG_WARN_QUOTED_INCLUDE_IN_FRAMEWORK_HEADER = YES;
				CLANG_WARN_RANGE_LOOP_ANALYSIS = YES;
				CLANG_WARN_STRICT_PROTOTYPES = YES;
				CLANG_WARN_SUSPICIOUS_MOVE = YES;
				CLANG_WARN_UNGUARDED_AVAILABILITY = YES_AGGRESSIVE;
				CLANG_WARN_UNREACHABLE_CODE = YES;
				CLANG_WARN__DUPLICATE_METHOD_MATCH = YES;
				COPY_PHASE_STRIP = NO;
				DEBUG_INFORMATION_FORMAT = dwarf;
				ENABLE_STRICT_OBJC_MSGSEND = YES;
				ENABLE_TESTABILITY = YES;
				GCC_C_LANGUAGE_STANDARD = gnu11;
				GCC_DYNAMIC_NO_PIC = NO;
				GCC_NO_COMMON_BLOCKS = YES;
				GCC_OPTIMIZATION_LEVEL = 0;
				GCC_PREPROCESSOR_DEFINITIONS = (
					"DEBUG=1",
					"$(inherited)",
				);
				GCC_WARN_64_TO_32_BIT_CONVERSION = YES;
				GCC_WARN_ABOUT_RETURN_TYPE = YES_ERROR;
				GCC_WARN_UNDECLARED_SELECTOR = YES;
				GCC_WARN_UNINITIALIZED_AUTOS = YES_AGGRESSIVE;
				GCC_WARN_UNUSED_FUNCTION = YES;
				GCC_WARN_UNUSED_VARIABLE = YES;
				MTL_ENABLE_DEBUG_INFO = INCLUDE_SOURCE;
				MTL_FAST_MATH = YES;
				ONLY_ACTIVE_ARCH = YES;
				SWIFT_ACTIVE_COMPILATION_CONDITIONS = DEBUG;
				SWIFT_OPTIMIZATION_LEVEL = "-Onone";
			};
			name = Debug;
		};
		EA3B47012AB04A5700BDF587 /* Release */ = {
			isa = XCBuildConfiguration;
			buildSettings = {
				ALWAYS_SEARCH_USER_PATHS = NO;
				CLANG_ANALYZER_NONNULL = YES;
				CLANG_ANALYZER_NUMBER_OBJECT_CONVERSION = YES_AGGRESSIVE;
				CLANG_CXX_LANGUAGE_STANDARD = "gnu++20";
				CLANG_ENABLE_MODULES = YES;
				CLANG_ENABLE_OBJC_ARC = YES;
				CLANG_ENABLE_OBJC_WEAK = YES;
				CLANG_WARN_BLOCK_CAPTURE_AUTORELEASING = YES;
				CLANG_WARN_BOOL_CONVERSION = YES;
				CLANG_WARN_COMMA = YES;
				CLANG_WARN_CONSTANT_CONVERSION = YES;
				CLANG_WARN_DEPRECATED_OBJC_IMPLEMENTATIONS = YES;
				CLANG_WARN_DIRECT_OBJC_ISA_USAGE = YES_ERROR;
				CLANG_WARN_DOCUMENTATION_COMMENTS = YES;
				CLANG_WARN_EMPTY_BODY = YES;
				CLANG_WARN_ENUM_CONVERSION = YES;
				CLANG_WARN_INFINITE_RECURSION = YES;
				CLANG_WARN_INT_CONVERSION = YES;
				CLANG_WARN_NON_LITERAL_NULL_CONVERSION = YES;
				CLANG_WARN_OBJC_IMPLICIT_RETAIN_SELF = YES;
				CLANG_WARN_OBJC_LITERAL_CONVERSION = YES;
				CLANG_WARN_OBJC_ROOT_CLASS = YES_ERROR;
				CLANG_WARN_QUOTED_INCLUDE_IN_FRAMEWORK_HEADER = YES;
				CLANG_WARN_RANGE_LOOP_ANALYSIS = YES;
				CLANG_WARN_STRICT_PROTOTYPES = YES;
				CLANG_WARN_SUSPICIOUS_MOVE = YES;
				CLANG_WARN_UNGUARDED_AVAILABILITY = YES_AGGRESSIVE;
				CLANG_WARN_UNREACHABLE_CODE = YES;
				CLANG_WARN__DUPLICATE_METHOD_MATCH = YES;
				COPY_PHASE_STRIP = NO;
				DEBUG_INFORMATION_FORMAT = "dwarf-with-dsym";
				ENABLE_NS_ASSERTIONS = NO;
				ENABLE_STRICT_OBJC_MSGSEND = YES;
				GCC_C_LANGUAGE_STANDARD = gnu11;
				GCC_NO_COMMON_BLOCKS = YES;
				GCC_WARN_64_TO_32_BIT_CONVERSION = YES;
				GCC_WARN_ABOUT_RETURN_TYPE = YES_ERROR;
				GCC_WARN_UNDECLARED_SELECTOR = YES;
				GCC_WARN_UNINITIALIZED_AUTOS = YES_AGGRESSIVE;
				GCC_WARN_UNUSED_FUNCTION = YES;
				GCC_WARN_UNUSED_VARIABLE = YES;
				MTL_ENABLE_DEBUG_INFO = NO;
				MTL_FAST_MATH = YES;
				SWIFT_COMPILATION_MODE = wholemodule;
				SWIFT_OPTIMIZATION_LEVEL = "-O";
			};
			name = Release;
		};
		EA3B47032AB04A5700BDF587 /* Debug */ = {
			isa = XCBuildConfiguration;
			buildSettings = {
				ASSETCATALOG_COMPILER_APPICON_NAME = AppIcon;
				ASSETCATALOG_COMPILER_GLOBAL_ACCENT_COLOR_NAME = AccentColor;
				CODE_SIGN_ENTITLEMENTS = Tunexa/Tunexa.entitlements;
				CODE_SIGN_STYLE = Automatic;
				CURRENT_PROJECT_VERSION = 1;
				DEVELOPMENT_ASSET_PATHS = "\"Tunexa/Preview Content\"";
				ENABLE_PREVIEWS = YES;
				GENERATE_INFOPLIST_FILE = YES;
				"INFOPLIST_KEY_UIApplicationSceneManifest_Generation[sdk=iphoneos*]" = YES;
				"INFOPLIST_KEY_UIApplicationSceneManifest_Generation[sdk=iphonesimulator*]" = YES;
				"INFOPLIST_KEY_UIApplicationSupportsIndirectInputEvents[sdk=iphoneos*]" = YES;
				"INFOPLIST_KEY_UIApplicationSupportsIndirectInputEvents[sdk=iphonesimulator*]" = YES;
				"INFOPLIST_KEY_UILaunchScreen_Generation[sdk=iphoneos*]" = YES;
				"INFOPLIST_KEY_UILaunchScreen_Generation[sdk=iphonesimulator*]" = YES;
				"INFOPLIST_KEY_UIStatusBarStyle[sdk=iphoneos*]" = UIStatusBarStyleDefault;
				"INFOPLIST_KEY_UIStatusBarStyle[sdk=iphonesimulator*]" = UIStatusBarStyleDefault;
				INFOPLIST_KEY_UISupportedInterfaceOrientations_iPad = "UIInterfaceOrientationPortrait UIInterfaceOrientationPortraitUpsideDown UIInterfaceOrientationLandscapeLeft UIInterfaceOrientationLandscapeRight";
				INFOPLIST_KEY_UISupportedInterfaceOrientations_iPhone = "UIInterfaceOrientationPortrait UIInterfaceOrientationLandscapeLeft UIInterfaceOrientationLandscapeRight";
				IPHONEOS_DEPLOYMENT_TARGET = 16.4;
				LD_RUNPATH_SEARCH_PATHS = "@executable_path/Frameworks";
				"LD_RUNPATH_SEARCH_PATHS[sdk=macosx*]" = "@executable_path/../Frameworks";
				MACOSX_DEPLOYMENT_TARGET = 13.3;
				MARKETING_VERSION = 1.0;
				PRODUCT_BUNDLE_IDENTIFIER = tony.Tunexa;
				PRODUCT_NAME = "$(TARGET_NAME)";
				SDKROOT = auto;
				SUPPORTED_PLATFORMS = "iphoneos iphonesimulator macosx";
				SWIFT_EMIT_LOC_STRINGS = YES;
				SWIFT_VERSION = 5.0;
				TARGETED_DEVICE_FAMILY = "1,2";
			};
			name = Debug;
		};
		EA3B47042AB04A5700BDF587 /* Release */ = {
			isa = XCBuildConfiguration;
			buildSettings = {
				ASSETCATALOG_COMPILER_APPICON_NAME = AppIcon;
				ASSETCATALOG_COMPILER_GLOBAL_ACCENT_COLOR_NAME = AccentColor;
				CODE_SIGN_ENTITLEMENTS = Tunexa/Tunexa.entitlements;
				CODE_SIGN_STYLE = Automatic;
				CURRENT_PROJECT_VERSION = 1;
				DEVELOPMENT_ASSET_PATHS = "\"Tunexa/Preview Content\"";
				ENABLE_PREVIEWS = YES;
				GENERATE_INFOPLIST_FILE = YES;
				"INFOPLIST_KEY_UIApplicationSceneManifest_Generation[sdk=iphoneos*]" = YES;
				"INFOPLIST_KEY_UIApplicationSceneManifest_Generation[sdk=iphonesimulator*]" = YES;
				"INFOPLIST_KEY_UIApplicationSupportsIndirectInputEvents[sdk=iphoneos*]" = YES;
				"INFOPLIST_KEY_UIApplicationSupportsIndirectInputEvents[sdk=iphonesimulator*]" = YES;
				"INFOPLIST_KEY_UILaunchScreen_Generation[sdk=iphoneos*]" = YES;
				"INFOPLIST_KEY_UILaunchScreen_Generation[sdk=iphonesimulator*]" = YES;
				"INFOPLIST_KEY_UIStatusBarStyle[sdk=iphoneos*]" = UIStatusBarStyleDefault;
				"INFOPLIST_KEY_UIStatusBarStyle[sdk=iphonesimulator*]" = UIStatusBarStyleDefault;
				INFOPLIST_KEY_UISupportedInterfaceOrientations_iPad = "UIInterfaceOrientationPortrait UIInterfaceOrientationPortraitUpsideDown UIInterfaceOrientationLandscapeLeft UIInterfaceOrientationLandscapeRight";
				INFOPLIST_KEY_UISupportedInterfaceOrientations_iPhone = "UIInterfaceOrientationPortrait UIInterfaceOrientationLandscapeLeft UIInterfaceOrientationLandscapeRight";
				IPHONEOS_DEPLOYMENT_TARGET = 16.4;
				LD_RUNPATH_SEARCH_PATHS = "@executable_path/Frameworks";
				"LD_RUNPATH_SEARCH_PATHS[sdk=macosx*]" = "@executable_path/../Frameworks";
				MACOSX_DEPLOYMENT_TARGET = 13.3;
				MARKETING_VERSION = 1.0;
				PRODUCT_BUNDLE_IDENTIFIER = tony.Tunexa;
				PRODUCT_NAME = "$(TARGET_NAME)";
				SDKROOT = auto;
				SUPPORTED_PLATFORMS = "iphoneos iphonesimulator macosx";
				SWIFT_EMIT_LOC_STRINGS = YES;
				SWIFT_VERSION = 5.0;
				TARGETED_DEVICE_FAMILY = "1,2";
			};
			name = Release;
		};
		EA3B47062AB04A5700BDF587 /* Debug */ = {
			isa = XCBuildConfiguration;
			buildSettings = {
				ALWAYS_EMBED_SWIFT_STANDARD_LIBRARIES = YES;
				BUNDLE_LOADER = "$(TEST_HOST)";
				CODE_SIGN_STYLE = Automatic;
				CURRENT_PROJECT_VERSION = 1;
				GENERATE_INFOPLIST_FILE = YES;
				IPHONEOS_DEPLOYMENT_TARGET = 16.4;
				MACOSX_DEPLOYMENT_TARGET = 13.3;
				MARKETING_VERSION = 1.0;
				PRODUCT_BUNDLE_IDENTIFIER = tony.TunexaTests;
				PRODUCT_NAME = "$(TARGET_NAME)";
				SDKROOT = auto;
				SUPPORTED_PLATFORMS = "iphoneos iphonesimulator macosx";
				SWIFT_EMIT_LOC_STRINGS = NO;
				SWIFT_VERSION = 5.0;
				TARGETED_DEVICE_FAMILY = "1,2";
				TEST_HOST = "$(BUILT_PRODUCTS_DIR)/Tunexa.app/$(BUNDLE_EXECUTABLE_FOLDER_PATH)/Tunexa";
			};
			name = Debug;
		};
		EA3B47072AB04A5700BDF587 /* Release */ = {
			isa = XCBuildConfiguration;
			buildSettings = {
				ALWAYS_EMBED_SWIFT_STANDARD_LIBRARIES = YES;
				BUNDLE_LOADER = "$(TEST_HOST)";
				CODE_SIGN_STYLE = Automatic;
				CURRENT_PROJECT_VERSION = 1;
				GENERATE_INFOPLIST_FILE = YES;
				IPHONEOS_DEPLOYMENT_TARGET = 16.4;
				MACOSX_DEPLOYMENT_TARGET = 13.3;
				MARKETING_VERSION = 1.0;
				PRODUCT_BUNDLE_IDENTIFIER = tony.TunexaTests;
				PRODUCT_NAME = "$(TARGET_NAME)";
				SDKROOT = auto;
				SUPPORTED_PLATFORMS = "iphoneos iphonesimulator macosx";
				SWIFT_EMIT_LOC_STRINGS = NO;
				SWIFT_VERSION = 5.0;
				TARGETED_DEVICE_FAMILY = "1,2";
				TEST_HOST = "$(BUILT_PRODUCTS_DIR)/Tunexa.app/$(BUNDLE_EXECUTABLE_FOLDER_PATH)/Tunexa";
			};
			name = Release;
		};
		EA3B47092AB04A5700BDF587 /* Debug */ = {
			isa = XCBuildConfiguration;
			buildSettings = {
				ALWAYS_EMBED_SWIFT_STANDARD_LIBRARIES = YES;
				CODE_SIGN_STYLE = Automatic;
				CURRENT_PROJECT_VERSION = 1;
				GENERATE_INFOPLIST_FILE = YES;
				IPHONEOS_DEPLOYMENT_TARGET = 16.4;
				MACOSX_DEPLOYMENT_TARGET = 13.3;
				MARKETING_VERSION = 1.0;
				PRODUCT_BUNDLE_IDENTIFIER = tony.TunexaUITests;
				PRODUCT_NAME = "$(TARGET_NAME)";
				SDKROOT = auto;
				SUPPORTED_PLATFORMS = "iphoneos iphonesimulator macosx";
				SWIFT_EMIT_LOC_STRINGS = NO;
				SWIFT_VERSION = 5.0;
				TARGETED_DEVICE_FAMILY = "1,2";
				TEST_TARGET_NAME = Tunexa;
			};
			name = Debug;
		};
		EA3B470A2AB04A5700BDF587 /* Release */ = {
			isa = XCBuildConfiguration;
			buildSettings = {
				ALWAYS_EMBED_SWIFT_STANDARD_LIBRARIES = YES;
				CODE_SIGN_STYLE = Automatic;
				CURRENT_PROJECT_VERSION = 1;
				GENERATE_INFOPLIST_FILE = YES;
				IPHONEOS_DEPLOYMENT_TARGET = 16.4;
				MACOSX_DEPLOYMENT_TARGET = 13.3;
				MARKETING_VERSION = 1.0;
				PRODUCT_BUNDLE_IDENTIFIER = tony.TunexaUITests;
				PRODUCT_NAME = "$(TARGET_NAME)";
				SDKROOT = auto;
				SUPPORTED_PLATFORMS = "iphoneos iphonesimulator macosx";
				SWIFT_EMIT_LOC_STRINGS = NO;
				SWIFT_VERSION = 5.0;
				TARGETED_DEVICE_FAMILY = "1,2";
				TEST_TARGET_NAME = Tunexa;
			};
			name = Release;
		};
/* End XCBuildConfiguration section */

/* Begin XCConfigurationList section */
		EA3B46D82AB04A5500BDF587 /* Build configuration list for PBXProject "Tunexa" */ = {
			isa = XCConfigurationList;
			buildConfigurations = (
				EA3B47002AB04A5700BDF587 /* Debug */,
				EA3B47012AB04A5700BDF587 /* Release */,
			);
			defaultConfigurationIsVisible = 0;
			defaultConfigurationName = Release;
		};
		EA3B47022AB04A5700BDF587 /* Build configuration list for PBXNativeTarget "Tunexa" */ = {
			isa = XCConfigurationList;
			buildConfigurations = (
				EA3B47032AB04A5700BDF587 /* Debug */,
				EA3B47042AB04A5700BDF587 /* Release */,
			);
			defaultConfigurationIsVisible = 0;
			defaultConfigurationName = Release;
		};
		EA3B47052AB04A5700BDF587 /* Build configuration list for PBXNativeTarget "TunexaTests" */ = {
			isa = XCConfigurationList;
			buildConfigurations = (
				EA3B47062AB04A5700BDF587 /* Debug */,
				EA3B47072AB04A5700BDF587 /* Release */,
			);
			defaultConfigurationIsVisible = 0;
			defaultConfigurationName = Release;
		};
		EA3B47082AB04A5700BDF587 /* Build configuration list for PBXNativeTarget "TunexaUITests" */ = {
			isa = XCConfigurationList;
			buildConfigurations = (
				EA3B47092AB04A5700BDF587 /* Debug */,
				EA3B470A2AB04A5700BDF587 /* Release */,
			);
			defaultConfigurationIsVisible = 0;
			defaultConfigurationName = Release;
		};
/* End XCConfigurationList section */

/* Begin XCRemoteSwiftPackageReference section */
		A7368FF72AB1701B0064C531 /* XCRemoteSwiftPackageReference "firebase-ios-sdk" */ = {
			isa = XCRemoteSwiftPackageReference;
			repositoryURL = "https://github.com/firebase/firebase-ios-sdk";
			requirement = {
				kind = upToNextMajorVersion;
				minimumVersion = 10.0.0;
			};
		};
/* End XCRemoteSwiftPackageReference section */

/* Begin XCSwiftPackageProductDependency section */
		A7368FF82AB1701B0064C531 /* FirebaseAuth */ = {
			isa = XCSwiftPackageProductDependency;
			package = A7368FF72AB1701B0064C531 /* XCRemoteSwiftPackageReference "firebase-ios-sdk" */;
			productName = FirebaseAuth;
		};
		A7368FFA2AB1701B0064C531 /* FirebaseFirestore */ = {
			isa = XCSwiftPackageProductDependency;
			package = A7368FF72AB1701B0064C531 /* XCRemoteSwiftPackageReference "firebase-ios-sdk" */;
			productName = FirebaseFirestore;
		};
		A7368FFC2AB1701B0064C531 /* FirebaseFirestoreCombine-Community */ = {
			isa = XCSwiftPackageProductDependency;
			package = A7368FF72AB1701B0064C531 /* XCRemoteSwiftPackageReference "firebase-ios-sdk" */;
			productName = "FirebaseFirestoreCombine-Community";
		};
		A7368FFE2AB1701B0064C531 /* FirebaseFirestoreSwift */ = {
			isa = XCSwiftPackageProductDependency;
			package = A7368FF72AB1701B0064C531 /* XCRemoteSwiftPackageReference "firebase-ios-sdk" */;
			productName = FirebaseFirestoreSwift;
		};
		A73690002AB1701B0064C531 /* FirebaseStorage */ = {
			isa = XCSwiftPackageProductDependency;
			package = A7368FF72AB1701B0064C531 /* XCRemoteSwiftPackageReference "firebase-ios-sdk" */;
			productName = FirebaseStorage;
		};
		A73690022AB1701B0064C531 /* FirebaseStorageCombine-Community */ = {
			isa = XCSwiftPackageProductDependency;
			package = A7368FF72AB1701B0064C531 /* XCRemoteSwiftPackageReference "firebase-ios-sdk" */;
			productName = "FirebaseStorageCombine-Community";
		};
/* End XCSwiftPackageProductDependency section */
	};
	rootObject = EA3B46D52AB04A5500BDF587 /* Project object */;
}
